// !$*UTF8*$!
{
	archiveVersion = 1;
	classes = {
	};
	objectVersion = 50;
	objects = {

/* Begin PBXBuildFile section */
		635B602E251FB7FC007F53B1 /* main.swift in Sources */ = {isa = PBXBuildFile; fileRef = 635B602D251FB7FC007F53B1 /* main.swift */; };
		637FF4FA252242DF0067934E /* main.swift in Sources */ = {isa = PBXBuildFile; fileRef = 637FF4F9252242DF0067934E /* main.swift */; };
		6385BDAA2547C6CF0039F209 /* main.swift in Sources */ = {isa = PBXBuildFile; fileRef = 6385BDA92547C6CF0039F209 /* main.swift */; };
		638602BA255A6A2B001C284C /* main.swift in Sources */ = {isa = PBXBuildFile; fileRef = 638602B9255A6A2B001C284C /* main.swift */; };
		63878B12254BD616008BE581 /* main.swift in Sources */ = {isa = PBXBuildFile; fileRef = 63878B11254BD616008BE581 /* main.swift */; };
		6388C71E254C8D85001B639F /* main.swift in Sources */ = {isa = PBXBuildFile; fileRef = 6388C71D254C8D85001B639F /* main.swift */; };
		638BB9E9253ABD780093ACF7 /* main.swift in Sources */ = {isa = PBXBuildFile; fileRef = 638BB9E8253ABD780093ACF7 /* main.swift */; };
		638CC12225470D3F007FA00B /* main.swift in Sources */ = {isa = PBXBuildFile; fileRef = 638CC12125470D3F007FA00B /* main.swift */; };
		638D9019254590F0000D9DAF /* main.swift in Sources */ = {isa = PBXBuildFile; fileRef = 638D9018254590F0000D9DAF /* main.swift */; };
		638DC70F2539C0190003F701 /* main.swift in Sources */ = {isa = PBXBuildFile; fileRef = 638DC70E2539C0190003F701 /* main.swift */; };
		638F8D80251E12300017D655 /* main.swift in Sources */ = {isa = PBXBuildFile; fileRef = 638F8D7F251E12300017D655 /* main.swift */; };
		638F8D90251E75800017D655 /* main.swift in Sources */ = {isa = PBXBuildFile; fileRef = 638F8D8F251E75800017D655 /* main.swift */; };
		638F8D9D251E98810017D655 /* main.swift in Sources */ = {isa = PBXBuildFile; fileRef = 638F8D9C251E98810017D655 /* main.swift */; };
		6390BF7925373F5900C7238D /* main.swift in Sources */ = {isa = PBXBuildFile; fileRef = 6390BF7825373F5900C7238D /* main.swift */; };
		639180082538AA8700A2A235 /* main.swift in Sources */ = {isa = PBXBuildFile; fileRef = 639180072538AA8700A2A235 /* main.swift */; };
		63974011254EF16800ACB6C3 /* main.swift in Sources */ = {isa = PBXBuildFile; fileRef = 63974010254EF16800ACB6C3 /* main.swift */; };
		63997166254DC7F40037A934 /* main.swift in Sources */ = {isa = PBXBuildFile; fileRef = 63997165254DC7F40037A934 /* main.swift */; };
		63E5BAE52525710400EEDD1F /* main.swift in Sources */ = {isa = PBXBuildFile; fileRef = 63E5BAE42525710400EEDD1F /* main.swift */; };
/* End PBXBuildFile section */

/* Begin PBXCopyFilesBuildPhase section */
		635B6029251FB7FC007F53B1 /* CopyFiles */ = {
			isa = PBXCopyFilesBuildPhase;
			buildActionMask = 2147483647;
			dstPath = /usr/share/man/man1/;
			dstSubfolderSpec = 0;
			files = (
			);
			runOnlyForDeploymentPostprocessing = 1;
		};
		637FF4F5252242DE0067934E /* CopyFiles */ = {
			isa = PBXCopyFilesBuildPhase;
			buildActionMask = 2147483647;
			dstPath = /usr/share/man/man1/;
			dstSubfolderSpec = 0;
			files = (
			);
			runOnlyForDeploymentPostprocessing = 1;
		};
		6385BDA52547C6CF0039F209 /* CopyFiles */ = {
			isa = PBXCopyFilesBuildPhase;
			buildActionMask = 2147483647;
			dstPath = /usr/share/man/man1/;
			dstSubfolderSpec = 0;
			files = (
			);
			runOnlyForDeploymentPostprocessing = 1;
		};
		638602B5255A6A2B001C284C /* CopyFiles */ = {
			isa = PBXCopyFilesBuildPhase;
			buildActionMask = 2147483647;
			dstPath = /usr/share/man/man1/;
			dstSubfolderSpec = 0;
			files = (
			);
			runOnlyForDeploymentPostprocessing = 1;
		};
		63878B0D254BD616008BE581 /* CopyFiles */ = {
			isa = PBXCopyFilesBuildPhase;
			buildActionMask = 2147483647;
			dstPath = /usr/share/man/man1/;
			dstSubfolderSpec = 0;
			files = (
			);
			runOnlyForDeploymentPostprocessing = 1;
		};
		6388C719254C8D85001B639F /* CopyFiles */ = {
			isa = PBXCopyFilesBuildPhase;
			buildActionMask = 2147483647;
			dstPath = /usr/share/man/man1/;
			dstSubfolderSpec = 0;
			files = (
			);
			runOnlyForDeploymentPostprocessing = 1;
		};
		638BB9E4253ABD780093ACF7 /* CopyFiles */ = {
			isa = PBXCopyFilesBuildPhase;
			buildActionMask = 2147483647;
			dstPath = /usr/share/man/man1/;
			dstSubfolderSpec = 0;
			files = (
			);
			runOnlyForDeploymentPostprocessing = 1;
		};
		638CC11D25470D3F007FA00B /* CopyFiles */ = {
			isa = PBXCopyFilesBuildPhase;
			buildActionMask = 2147483647;
			dstPath = /usr/share/man/man1/;
			dstSubfolderSpec = 0;
			files = (
			);
			runOnlyForDeploymentPostprocessing = 1;
		};
		638D9014254590EF000D9DAF /* CopyFiles */ = {
			isa = PBXCopyFilesBuildPhase;
			buildActionMask = 2147483647;
			dstPath = /usr/share/man/man1/;
			dstSubfolderSpec = 0;
			files = (
			);
			runOnlyForDeploymentPostprocessing = 1;
		};
		638DC70A2539C0190003F701 /* CopyFiles */ = {
			isa = PBXCopyFilesBuildPhase;
			buildActionMask = 2147483647;
			dstPath = /usr/share/man/man1/;
			dstSubfolderSpec = 0;
			files = (
			);
			runOnlyForDeploymentPostprocessing = 1;
		};
		638F8D7A251E12300017D655 /* CopyFiles */ = {
			isa = PBXCopyFilesBuildPhase;
			buildActionMask = 2147483647;
			dstPath = /usr/share/man/man1/;
			dstSubfolderSpec = 0;
			files = (
			);
			runOnlyForDeploymentPostprocessing = 1;
		};
		638F8D8B251E75800017D655 /* CopyFiles */ = {
			isa = PBXCopyFilesBuildPhase;
			buildActionMask = 2147483647;
			dstPath = /usr/share/man/man1/;
			dstSubfolderSpec = 0;
			files = (
			);
			runOnlyForDeploymentPostprocessing = 1;
		};
		638F8D98251E98810017D655 /* CopyFiles */ = {
			isa = PBXCopyFilesBuildPhase;
			buildActionMask = 2147483647;
			dstPath = /usr/share/man/man1/;
			dstSubfolderSpec = 0;
			files = (
			);
			runOnlyForDeploymentPostprocessing = 1;
		};
		6390BF7425373F5900C7238D /* CopyFiles */ = {
			isa = PBXCopyFilesBuildPhase;
			buildActionMask = 2147483647;
			dstPath = /usr/share/man/man1/;
			dstSubfolderSpec = 0;
			files = (
			);
			runOnlyForDeploymentPostprocessing = 1;
		};
		639180032538AA8700A2A235 /* CopyFiles */ = {
			isa = PBXCopyFilesBuildPhase;
			buildActionMask = 2147483647;
			dstPath = /usr/share/man/man1/;
			dstSubfolderSpec = 0;
			files = (
			);
			runOnlyForDeploymentPostprocessing = 1;
		};
		6397400C254EF16800ACB6C3 /* CopyFiles */ = {
			isa = PBXCopyFilesBuildPhase;
			buildActionMask = 2147483647;
			dstPath = /usr/share/man/man1/;
			dstSubfolderSpec = 0;
			files = (
			);
			runOnlyForDeploymentPostprocessing = 1;
		};
		63997161254DC7F40037A934 /* CopyFiles */ = {
			isa = PBXCopyFilesBuildPhase;
			buildActionMask = 2147483647;
			dstPath = /usr/share/man/man1/;
			dstSubfolderSpec = 0;
			files = (
			);
			runOnlyForDeploymentPostprocessing = 1;
		};
		63E5BAE02525710400EEDD1F /* CopyFiles */ = {
			isa = PBXCopyFilesBuildPhase;
			buildActionMask = 2147483647;
			dstPath = /usr/share/man/man1/;
			dstSubfolderSpec = 0;
			files = (
			);
			runOnlyForDeploymentPostprocessing = 1;
		};
/* End PBXCopyFilesBuildPhase section */

/* Begin PBXFileReference section */
		635B602B251FB7FC007F53B1 /* 基本运算符 */ = {isa = PBXFileReference; explicitFileType = "compiled.mach-o.executable"; includeInIndex = 0; path = "基本运算符"; sourceTree = BUILT_PRODUCTS_DIR; };
		635B602D251FB7FC007F53B1 /* main.swift */ = {isa = PBXFileReference; lastKnownFileType = sourcecode.swift; path = main.swift; sourceTree = "<group>"; };
		637FF4F7252242DE0067934E /* 随机函数 */ = {isa = PBXFileReference; explicitFileType = "compiled.mach-o.executable"; includeInIndex = 0; path = "随机函数"; sourceTree = BUILT_PRODUCTS_DIR; };
		637FF4F9252242DF0067934E /* main.swift */ = {isa = PBXFileReference; lastKnownFileType = sourcecode.swift; path = main.swift; sourceTree = "<group>"; };
		6385BDA72547C6CF0039F209 /* 属性 */ = {isa = PBXFileReference; explicitFileType = "compiled.mach-o.executable"; includeInIndex = 0; path = "属性"; sourceTree = BUILT_PRODUCTS_DIR; };
		6385BDA92547C6CF0039F209 /* main.swift */ = {isa = PBXFileReference; lastKnownFileType = sourcecode.swift; path = main.swift; sourceTree = "<group>"; };
		638602B7255A6A2B001C284C /* 析构过程 */ = {isa = PBXFileReference; explicitFileType = "compiled.mach-o.executable"; includeInIndex = 0; path = "析构过程"; sourceTree = BUILT_PRODUCTS_DIR; };
		638602B9255A6A2B001C284C /* main.swift */ = {isa = PBXFileReference; lastKnownFileType = sourcecode.swift; path = main.swift; sourceTree = "<group>"; };
		63878B0F254BD616008BE581 /* 方法 */ = {isa = PBXFileReference; explicitFileType = "compiled.mach-o.executable"; includeInIndex = 0; path = "方法"; sourceTree = BUILT_PRODUCTS_DIR; };
		63878B11254BD616008BE581 /* main.swift */ = {isa = PBXFileReference; lastKnownFileType = sourcecode.swift; path = main.swift; sourceTree = "<group>"; };
		6388C71B254C8D85001B639F /* 下标 */ = {isa = PBXFileReference; explicitFileType = "compiled.mach-o.executable"; includeInIndex = 0; path = "下标"; sourceTree = BUILT_PRODUCTS_DIR; };
		6388C71D254C8D85001B639F /* main.swift */ = {isa = PBXFileReference; lastKnownFileType = sourcecode.swift; path = main.swift; sourceTree = "<group>"; };
		638BB9E6253ABD780093ACF7 /* 闭包 */ = {isa = PBXFileReference; explicitFileType = "compiled.mach-o.executable"; includeInIndex = 0; path = "闭包"; sourceTree = BUILT_PRODUCTS_DIR; };
		638BB9E8253ABD780093ACF7 /* main.swift */ = {isa = PBXFileReference; lastKnownFileType = sourcecode.swift; path = main.swift; sourceTree = "<group>"; };
		638CC11F25470D3F007FA00B /* 类和结构体 */ = {isa = PBXFileReference; explicitFileType = "compiled.mach-o.executable"; includeInIndex = 0; path = "类和结构体"; sourceTree = BUILT_PRODUCTS_DIR; };
		638CC12125470D3F007FA00B /* main.swift */ = {isa = PBXFileReference; lastKnownFileType = sourcecode.swift; path = main.swift; sourceTree = "<group>"; };
		638D9016254590EF000D9DAF /* 枚举 */ = {isa = PBXFileReference; explicitFileType = "compiled.mach-o.executable"; includeInIndex = 0; path = "枚举"; sourceTree = BUILT_PRODUCTS_DIR; };
		638D9018254590F0000D9DAF /* main.swift */ = {isa = PBXFileReference; lastKnownFileType = sourcecode.swift; path = main.swift; sourceTree = "<group>"; };
		638DC70C2539C0190003F701 /* 函数 */ = {isa = PBXFileReference; explicitFileType = "compiled.mach-o.executable"; includeInIndex = 0; path = "函数"; sourceTree = BUILT_PRODUCTS_DIR; };
		638DC70E2539C0190003F701 /* main.swift */ = {isa = PBXFileReference; lastKnownFileType = sourcecode.swift; path = main.swift; sourceTree = "<group>"; };
		638F8D7C251E12300017D655 /* Syntax */ = {isa = PBXFileReference; explicitFileType = "compiled.mach-o.executable"; includeInIndex = 0; path = Syntax; sourceTree = BUILT_PRODUCTS_DIR; };
		638F8D7F251E12300017D655 /* main.swift */ = {isa = PBXFileReference; lastKnownFileType = sourcecode.swift; path = main.swift; sourceTree = "<group>"; };
		638F8D8D251E75800017D655 /* Swift初现 */ = {isa = PBXFileReference; explicitFileType = "compiled.mach-o.executable"; includeInIndex = 0; path = "Swift初现"; sourceTree = BUILT_PRODUCTS_DIR; };
		638F8D8F251E75800017D655 /* main.swift */ = {isa = PBXFileReference; lastKnownFileType = sourcecode.swift; path = main.swift; sourceTree = "<group>"; };
		638F8D9A251E98810017D655 /* 基础部分 */ = {isa = PBXFileReference; explicitFileType = "compiled.mach-o.executable"; includeInIndex = 0; path = "基础部分"; sourceTree = BUILT_PRODUCTS_DIR; };
		638F8D9C251E98810017D655 /* main.swift */ = {isa = PBXFileReference; lastKnownFileType = sourcecode.swift; path = main.swift; sourceTree = "<group>"; };
		6390BF7625373F5900C7238D /* 集合类型 */ = {isa = PBXFileReference; explicitFileType = "compiled.mach-o.executable"; includeInIndex = 0; path = "集合类型"; sourceTree = BUILT_PRODUCTS_DIR; };
		6390BF7825373F5900C7238D /* main.swift */ = {isa = PBXFileReference; lastKnownFileType = sourcecode.swift; path = main.swift; sourceTree = "<group>"; };
		639180052538AA8700A2A235 /* 控制流 */ = {isa = PBXFileReference; explicitFileType = "compiled.mach-o.executable"; includeInIndex = 0; path = "控制流"; sourceTree = BUILT_PRODUCTS_DIR; };
		639180072538AA8700A2A235 /* main.swift */ = {isa = PBXFileReference; lastKnownFileType = sourcecode.swift; path = main.swift; sourceTree = "<group>"; };
		6397400E254EF16800ACB6C3 /* 构造过程 */ = {isa = PBXFileReference; explicitFileType = "compiled.mach-o.executable"; includeInIndex = 0; path = "构造过程"; sourceTree = BUILT_PRODUCTS_DIR; };
		63974010254EF16800ACB6C3 /* main.swift */ = {isa = PBXFileReference; lastKnownFileType = sourcecode.swift; path = main.swift; sourceTree = "<group>"; };
		63997163254DC7F40037A934 /* 继承 */ = {isa = PBXFileReference; explicitFileType = "compiled.mach-o.executable"; includeInIndex = 0; path = "继承"; sourceTree = BUILT_PRODUCTS_DIR; };
		63997165254DC7F40037A934 /* main.swift */ = {isa = PBXFileReference; lastKnownFileType = sourcecode.swift; path = main.swift; sourceTree = "<group>"; };
		63E5BAE22525710400EEDD1F /* 字符串和字符 */ = {isa = PBXFileReference; explicitFileType = "compiled.mach-o.executable"; includeInIndex = 0; path = "字符串和字符"; sourceTree = BUILT_PRODUCTS_DIR; };
		63E5BAE42525710400EEDD1F /* main.swift */ = {isa = PBXFileReference; lastKnownFileType = sourcecode.swift; path = main.swift; sourceTree = "<group>"; };
/* End PBXFileReference section */

/* Begin PBXFrameworksBuildPhase section */
		635B6028251FB7FC007F53B1 /* Frameworks */ = {
			isa = PBXFrameworksBuildPhase;
			buildActionMask = 2147483647;
			files = (
			);
			runOnlyForDeploymentPostprocessing = 0;
		};
		637FF4F4252242DE0067934E /* Frameworks */ = {
			isa = PBXFrameworksBuildPhase;
			buildActionMask = 2147483647;
			files = (
			);
			runOnlyForDeploymentPostprocessing = 0;
		};
		6385BDA42547C6CF0039F209 /* Frameworks */ = {
			isa = PBXFrameworksBuildPhase;
			buildActionMask = 2147483647;
			files = (
			);
			runOnlyForDeploymentPostprocessing = 0;
		};
		638602B4255A6A2B001C284C /* Frameworks */ = {
			isa = PBXFrameworksBuildPhase;
			buildActionMask = 2147483647;
			files = (
			);
			runOnlyForDeploymentPostprocessing = 0;
		};
		63878B0C254BD616008BE581 /* Frameworks */ = {
			isa = PBXFrameworksBuildPhase;
			buildActionMask = 2147483647;
			files = (
			);
			runOnlyForDeploymentPostprocessing = 0;
		};
		6388C718254C8D85001B639F /* Frameworks */ = {
			isa = PBXFrameworksBuildPhase;
			buildActionMask = 2147483647;
			files = (
			);
			runOnlyForDeploymentPostprocessing = 0;
		};
		638BB9E3253ABD780093ACF7 /* Frameworks */ = {
			isa = PBXFrameworksBuildPhase;
			buildActionMask = 2147483647;
			files = (
			);
			runOnlyForDeploymentPostprocessing = 0;
		};
		638CC11C25470D3F007FA00B /* Frameworks */ = {
			isa = PBXFrameworksBuildPhase;
			buildActionMask = 2147483647;
			files = (
			);
			runOnlyForDeploymentPostprocessing = 0;
		};
		638D9013254590EF000D9DAF /* Frameworks */ = {
			isa = PBXFrameworksBuildPhase;
			buildActionMask = 2147483647;
			files = (
			);
			runOnlyForDeploymentPostprocessing = 0;
		};
		638DC7092539C0190003F701 /* Frameworks */ = {
			isa = PBXFrameworksBuildPhase;
			buildActionMask = 2147483647;
			files = (
			);
			runOnlyForDeploymentPostprocessing = 0;
		};
		638F8D79251E12300017D655 /* Frameworks */ = {
			isa = PBXFrameworksBuildPhase;
			buildActionMask = 2147483647;
			files = (
			);
			runOnlyForDeploymentPostprocessing = 0;
		};
		638F8D8A251E75800017D655 /* Frameworks */ = {
			isa = PBXFrameworksBuildPhase;
			buildActionMask = 2147483647;
			files = (
			);
			runOnlyForDeploymentPostprocessing = 0;
		};
		638F8D97251E98810017D655 /* Frameworks */ = {
			isa = PBXFrameworksBuildPhase;
			buildActionMask = 2147483647;
			files = (
			);
			runOnlyForDeploymentPostprocessing = 0;
		};
		6390BF7325373F5900C7238D /* Frameworks */ = {
			isa = PBXFrameworksBuildPhase;
			buildActionMask = 2147483647;
			files = (
			);
			runOnlyForDeploymentPostprocessing = 0;
		};
		639180022538AA8700A2A235 /* Frameworks */ = {
			isa = PBXFrameworksBuildPhase;
			buildActionMask = 2147483647;
			files = (
			);
			runOnlyForDeploymentPostprocessing = 0;
		};
		6397400B254EF16800ACB6C3 /* Frameworks */ = {
			isa = PBXFrameworksBuildPhase;
			buildActionMask = 2147483647;
			files = (
			);
			runOnlyForDeploymentPostprocessing = 0;
		};
		63997160254DC7F40037A934 /* Frameworks */ = {
			isa = PBXFrameworksBuildPhase;
			buildActionMask = 2147483647;
			files = (
			);
			runOnlyForDeploymentPostprocessing = 0;
		};
		63E5BADF2525710400EEDD1F /* Frameworks */ = {
			isa = PBXFrameworksBuildPhase;
			buildActionMask = 2147483647;
			files = (
			);
			runOnlyForDeploymentPostprocessing = 0;
		};
/* End PBXFrameworksBuildPhase section */

/* Begin PBXGroup section */
		635B602C251FB7FC007F53B1 /* 基本运算符 */ = {
			isa = PBXGroup;
			children = (
				635B602D251FB7FC007F53B1 /* main.swift */,
			);
			path = "基本运算符";
			sourceTree = "<group>";
		};
		637FF4F8252242DE0067934E /* 随机函数 */ = {
			isa = PBXGroup;
			children = (
				637FF4F9252242DF0067934E /* main.swift */,
			);
			path = "随机函数";
			sourceTree = "<group>";
		};
		6385BDA82547C6CF0039F209 /* 属性 */ = {
			isa = PBXGroup;
			children = (
				6385BDA92547C6CF0039F209 /* main.swift */,
			);
			path = "属性";
			sourceTree = "<group>";
		};
		638602B8255A6A2B001C284C /* 析构过程 */ = {
			isa = PBXGroup;
			children = (
				638602B9255A6A2B001C284C /* main.swift */,
			);
			path = "析构过程";
			sourceTree = "<group>";
		};
		63878B10254BD616008BE581 /* 方法 */ = {
			isa = PBXGroup;
			children = (
				63878B11254BD616008BE581 /* main.swift */,
			);
			path = "方法";
			sourceTree = "<group>";
		};
		6388C71C254C8D85001B639F /* 下标 */ = {
			isa = PBXGroup;
			children = (
				6388C71D254C8D85001B639F /* main.swift */,
			);
			path = "下标";
			sourceTree = "<group>";
		};
		638BB9E7253ABD780093ACF7 /* 闭包 */ = {
			isa = PBXGroup;
			children = (
				638BB9E8253ABD780093ACF7 /* main.swift */,
			);
			path = "闭包";
			sourceTree = "<group>";
		};
		638CC12025470D3F007FA00B /* 类和结构体 */ = {
			isa = PBXGroup;
			children = (
				638CC12125470D3F007FA00B /* main.swift */,
			);
			path = "类和结构体";
			sourceTree = "<group>";
		};
		638D9017254590F0000D9DAF /* 枚举 */ = {
			isa = PBXGroup;
			children = (
				638D9018254590F0000D9DAF /* main.swift */,
			);
			path = "枚举";
			sourceTree = "<group>";
		};
		638DC70D2539C0190003F701 /* 函数 */ = {
			isa = PBXGroup;
			children = (
				638DC70E2539C0190003F701 /* main.swift */,
			);
			path = "函数";
			sourceTree = "<group>";
		};
		638F8D73251E12300017D655 = {
			isa = PBXGroup;
			children = (
				638F8D7E251E12300017D655 /* Syntax */,
				638F8D8E251E75800017D655 /* Swift初现 */,
				638F8D9B251E98810017D655 /* 基础部分 */,
				635B602C251FB7FC007F53B1 /* 基本运算符 */,
				637FF4F8252242DE0067934E /* 随机函数 */,
				63E5BAE32525710400EEDD1F /* 字符串和字符 */,
				6390BF7725373F5900C7238D /* 集合类型 */,
				639180062538AA8700A2A235 /* 控制流 */,
				638DC70D2539C0190003F701 /* 函数 */,
				638BB9E7253ABD780093ACF7 /* 闭包 */,
				638D9017254590F0000D9DAF /* 枚举 */,
				638CC12025470D3F007FA00B /* 类和结构体 */,
				6385BDA82547C6CF0039F209 /* 属性 */,
				63878B10254BD616008BE581 /* 方法 */,
				6388C71C254C8D85001B639F /* 下标 */,
				63997164254DC7F40037A934 /* 继承 */,
				6397400F254EF16800ACB6C3 /* 构造过程 */,
				638602B8255A6A2B001C284C /* 析构过程 */,
				638F8D7D251E12300017D655 /* Products */,
			);
			sourceTree = "<group>";
		};
		638F8D7D251E12300017D655 /* Products */ = {
			isa = PBXGroup;
			children = (
				638F8D7C251E12300017D655 /* Syntax */,
				638F8D8D251E75800017D655 /* Swift初现 */,
				638F8D9A251E98810017D655 /* 基础部分 */,
				635B602B251FB7FC007F53B1 /* 基本运算符 */,
				637FF4F7252242DE0067934E /* 随机函数 */,
				63E5BAE22525710400EEDD1F /* 字符串和字符 */,
				6390BF7625373F5900C7238D /* 集合类型 */,
				639180052538AA8700A2A235 /* 控制流 */,
				638DC70C2539C0190003F701 /* 函数 */,
				638BB9E6253ABD780093ACF7 /* 闭包 */,
				638D9016254590EF000D9DAF /* 枚举 */,
				638CC11F25470D3F007FA00B /* 类和结构体 */,
				6385BDA72547C6CF0039F209 /* 属性 */,
				63878B0F254BD616008BE581 /* 方法 */,
				6388C71B254C8D85001B639F /* 下标 */,
				63997163254DC7F40037A934 /* 继承 */,
				6397400E254EF16800ACB6C3 /* 构造过程 */,
				638602B7255A6A2B001C284C /* 析构过程 */,
			);
			name = Products;
			sourceTree = "<group>";
		};
		638F8D7E251E12300017D655 /* Syntax */ = {
			isa = PBXGroup;
			children = (
				638F8D7F251E12300017D655 /* main.swift */,
			);
			path = Syntax;
			sourceTree = "<group>";
		};
		638F8D8E251E75800017D655 /* Swift初现 */ = {
			isa = PBXGroup;
			children = (
				638F8D8F251E75800017D655 /* main.swift */,
			);
			path = "Swift初现";
			sourceTree = "<group>";
		};
		638F8D9B251E98810017D655 /* 基础部分 */ = {
			isa = PBXGroup;
			children = (
				638F8D9C251E98810017D655 /* main.swift */,
			);
			path = "基础部分";
			sourceTree = "<group>";
		};
		6390BF7725373F5900C7238D /* 集合类型 */ = {
			isa = PBXGroup;
			children = (
				6390BF7825373F5900C7238D /* main.swift */,
			);
			path = "集合类型";
			sourceTree = "<group>";
		};
		639180062538AA8700A2A235 /* 控制流 */ = {
			isa = PBXGroup;
			children = (
				639180072538AA8700A2A235 /* main.swift */,
			);
			path = "控制流";
			sourceTree = "<group>";
		};
		6397400F254EF16800ACB6C3 /* 构造过程 */ = {
			isa = PBXGroup;
			children = (
				63974010254EF16800ACB6C3 /* main.swift */,
			);
			path = "构造过程";
			sourceTree = "<group>";
		};
		63997164254DC7F40037A934 /* 继承 */ = {
			isa = PBXGroup;
			children = (
				63997165254DC7F40037A934 /* main.swift */,
			);
			path = "继承";
			sourceTree = "<group>";
		};
		63E5BAE32525710400EEDD1F /* 字符串和字符 */ = {
			isa = PBXGroup;
			children = (
				63E5BAE42525710400EEDD1F /* main.swift */,
			);
			path = "字符串和字符";
			sourceTree = "<group>";
		};
/* End PBXGroup section */

/* Begin PBXNativeTarget section */
		635B602A251FB7FC007F53B1 /* 基本运算符 */ = {
			isa = PBXNativeTarget;
			buildConfigurationList = 635B6031251FB7FC007F53B1 /* Build configuration list for PBXNativeTarget "基本运算符" */;
			buildPhases = (
				635B6027251FB7FC007F53B1 /* Sources */,
				635B6028251FB7FC007F53B1 /* Frameworks */,
				635B6029251FB7FC007F53B1 /* CopyFiles */,
			);
			buildRules = (
			);
			dependencies = (
			);
			name = "基本运算符";
			productName = "基本运算符";
			productReference = 635B602B251FB7FC007F53B1 /* 基本运算符 */;
			productType = "com.apple.product-type.tool";
		};
		637FF4F6252242DE0067934E /* 随机函数 */ = {
			isa = PBXNativeTarget;
			buildConfigurationList = 637FF4FD252242DF0067934E /* Build configuration list for PBXNativeTarget "随机函数" */;
			buildPhases = (
				637FF4F3252242DE0067934E /* Sources */,
				637FF4F4252242DE0067934E /* Frameworks */,
				637FF4F5252242DE0067934E /* CopyFiles */,
			);
			buildRules = (
			);
			dependencies = (
			);
			name = "随机函数";
			productName = "随机函数";
			productReference = 637FF4F7252242DE0067934E /* 随机函数 */;
			productType = "com.apple.product-type.tool";
		};
		6385BDA62547C6CF0039F209 /* 属性 */ = {
			isa = PBXNativeTarget;
			buildConfigurationList = 6385BDAD2547C6CF0039F209 /* Build configuration list for PBXNativeTarget "属性" */;
			buildPhases = (
				6385BDA32547C6CF0039F209 /* Sources */,
				6385BDA42547C6CF0039F209 /* Frameworks */,
				6385BDA52547C6CF0039F209 /* CopyFiles */,
			);
			buildRules = (
			);
			dependencies = (
			);
			name = "属性";
			productName = "属性";
			productReference = 6385BDA72547C6CF0039F209 /* 属性 */;
			productType = "com.apple.product-type.tool";
		};
		638602B6255A6A2B001C284C /* 析构过程 */ = {
			isa = PBXNativeTarget;
			buildConfigurationList = 638602BD255A6A2B001C284C /* Build configuration list for PBXNativeTarget "析构过程" */;
			buildPhases = (
				638602B3255A6A2B001C284C /* Sources */,
				638602B4255A6A2B001C284C /* Frameworks */,
				638602B5255A6A2B001C284C /* CopyFiles */,
			);
			buildRules = (
			);
			dependencies = (
			);
			name = "析构过程";
			productName = "析构过程";
			productReference = 638602B7255A6A2B001C284C /* 析构过程 */;
			productType = "com.apple.product-type.tool";
		};
		63878B0E254BD616008BE581 /* 方法 */ = {
			isa = PBXNativeTarget;
			buildConfigurationList = 63878B15254BD616008BE581 /* Build configuration list for PBXNativeTarget "方法" */;
			buildPhases = (
				63878B0B254BD616008BE581 /* Sources */,
				63878B0C254BD616008BE581 /* Frameworks */,
				63878B0D254BD616008BE581 /* CopyFiles */,
			);
			buildRules = (
			);
			dependencies = (
			);
			name = "方法";
			productName = "方法";
			productReference = 63878B0F254BD616008BE581 /* 方法 */;
			productType = "com.apple.product-type.tool";
		};
		6388C71A254C8D85001B639F /* 下标 */ = {
			isa = PBXNativeTarget;
			buildConfigurationList = 6388C721254C8D85001B639F /* Build configuration list for PBXNativeTarget "下标" */;
			buildPhases = (
				6388C717254C8D85001B639F /* Sources */,
				6388C718254C8D85001B639F /* Frameworks */,
				6388C719254C8D85001B639F /* CopyFiles */,
			);
			buildRules = (
			);
			dependencies = (
			);
			name = "下标";
			productName = "下标";
			productReference = 6388C71B254C8D85001B639F /* 下标 */;
			productType = "com.apple.product-type.tool";
		};
		638BB9E5253ABD780093ACF7 /* 闭包 */ = {
			isa = PBXNativeTarget;
			buildConfigurationList = 638BB9EC253ABD780093ACF7 /* Build configuration list for PBXNativeTarget "闭包" */;
			buildPhases = (
				638BB9E2253ABD780093ACF7 /* Sources */,
				638BB9E3253ABD780093ACF7 /* Frameworks */,
				638BB9E4253ABD780093ACF7 /* CopyFiles */,
			);
			buildRules = (
			);
			dependencies = (
			);
			name = "闭包";
			productName = "闭包";
			productReference = 638BB9E6253ABD780093ACF7 /* 闭包 */;
			productType = "com.apple.product-type.tool";
		};
		638CC11E25470D3F007FA00B /* 类和结构体 */ = {
			isa = PBXNativeTarget;
			buildConfigurationList = 638CC12525470D3F007FA00B /* Build configuration list for PBXNativeTarget "类和结构体" */;
			buildPhases = (
				638CC11B25470D3F007FA00B /* Sources */,
				638CC11C25470D3F007FA00B /* Frameworks */,
				638CC11D25470D3F007FA00B /* CopyFiles */,
			);
			buildRules = (
			);
			dependencies = (
			);
			name = "类和结构体";
			productName = "类和结构体";
			productReference = 638CC11F25470D3F007FA00B /* 类和结构体 */;
			productType = "com.apple.product-type.tool";
		};
		638D9015254590EF000D9DAF /* 枚举 */ = {
			isa = PBXNativeTarget;
			buildConfigurationList = 638D901C254590F0000D9DAF /* Build configuration list for PBXNativeTarget "枚举" */;
			buildPhases = (
				638D9012254590EF000D9DAF /* Sources */,
				638D9013254590EF000D9DAF /* Frameworks */,
				638D9014254590EF000D9DAF /* CopyFiles */,
			);
			buildRules = (
			);
			dependencies = (
			);
			name = "枚举";
			productName = "枚举";
			productReference = 638D9016254590EF000D9DAF /* 枚举 */;
			productType = "com.apple.product-type.tool";
		};
		638DC70B2539C0190003F701 /* 函数 */ = {
			isa = PBXNativeTarget;
			buildConfigurationList = 638DC7122539C0190003F701 /* Build configuration list for PBXNativeTarget "函数" */;
			buildPhases = (
				638DC7082539C0190003F701 /* Sources */,
				638DC7092539C0190003F701 /* Frameworks */,
				638DC70A2539C0190003F701 /* CopyFiles */,
			);
			buildRules = (
			);
			dependencies = (
			);
			name = "函数";
			productName = "函数";
			productReference = 638DC70C2539C0190003F701 /* 函数 */;
			productType = "com.apple.product-type.tool";
		};
		638F8D7B251E12300017D655 /* Syntax */ = {
			isa = PBXNativeTarget;
			buildConfigurationList = 638F8D83251E12300017D655 /* Build configuration list for PBXNativeTarget "Syntax" */;
			buildPhases = (
				638F8D78251E12300017D655 /* Sources */,
				638F8D79251E12300017D655 /* Frameworks */,
				638F8D7A251E12300017D655 /* CopyFiles */,
			);
			buildRules = (
			);
			dependencies = (
			);
			name = Syntax;
			productName = Syntax;
			productReference = 638F8D7C251E12300017D655 /* Syntax */;
			productType = "com.apple.product-type.tool";
		};
		638F8D8C251E75800017D655 /* Swift初现 */ = {
			isa = PBXNativeTarget;
			buildConfigurationList = 638F8D93251E75800017D655 /* Build configuration list for PBXNativeTarget "Swift初现" */;
			buildPhases = (
				638F8D89251E75800017D655 /* Sources */,
				638F8D8A251E75800017D655 /* Frameworks */,
				638F8D8B251E75800017D655 /* CopyFiles */,
			);
			buildRules = (
			);
			dependencies = (
			);
			name = "Swift初现";
			productName = "Swift初现";
			productReference = 638F8D8D251E75800017D655 /* Swift初现 */;
			productType = "com.apple.product-type.tool";
		};
		638F8D99251E98810017D655 /* 基础部分 */ = {
			isa = PBXNativeTarget;
			buildConfigurationList = 638F8D9E251E98810017D655 /* Build configuration list for PBXNativeTarget "基础部分" */;
			buildPhases = (
				638F8D96251E98810017D655 /* Sources */,
				638F8D97251E98810017D655 /* Frameworks */,
				638F8D98251E98810017D655 /* CopyFiles */,
			);
			buildRules = (
			);
			dependencies = (
			);
			name = "基础部分";
			productName = "基础部分";
			productReference = 638F8D9A251E98810017D655 /* 基础部分 */;
			productType = "com.apple.product-type.tool";
		};
		6390BF7525373F5900C7238D /* 集合类型 */ = {
			isa = PBXNativeTarget;
			buildConfigurationList = 6390BF7C25373F5900C7238D /* Build configuration list for PBXNativeTarget "集合类型" */;
			buildPhases = (
				6390BF7225373F5900C7238D /* Sources */,
				6390BF7325373F5900C7238D /* Frameworks */,
				6390BF7425373F5900C7238D /* CopyFiles */,
			);
			buildRules = (
			);
			dependencies = (
			);
			name = "集合类型";
			productName = "集合类型";
			productReference = 6390BF7625373F5900C7238D /* 集合类型 */;
			productType = "com.apple.product-type.tool";
		};
		639180042538AA8700A2A235 /* 控制流 */ = {
			isa = PBXNativeTarget;
			buildConfigurationList = 6391800B2538AA8700A2A235 /* Build configuration list for PBXNativeTarget "控制流" */;
			buildPhases = (
				639180012538AA8700A2A235 /* Sources */,
				639180022538AA8700A2A235 /* Frameworks */,
				639180032538AA8700A2A235 /* CopyFiles */,
			);
			buildRules = (
			);
			dependencies = (
			);
			name = "控制流";
			productName = "控制流";
			productReference = 639180052538AA8700A2A235 /* 控制流 */;
			productType = "com.apple.product-type.tool";
		};
		6397400D254EF16800ACB6C3 /* 构造过程 */ = {
			isa = PBXNativeTarget;
			buildConfigurationList = 63974014254EF16800ACB6C3 /* Build configuration list for PBXNativeTarget "构造过程" */;
			buildPhases = (
				6397400A254EF16800ACB6C3 /* Sources */,
				6397400B254EF16800ACB6C3 /* Frameworks */,
				6397400C254EF16800ACB6C3 /* CopyFiles */,
			);
			buildRules = (
			);
			dependencies = (
			);
			name = "构造过程";
			productName = "构造过程";
			productReference = 6397400E254EF16800ACB6C3 /* 构造过程 */;
			productType = "com.apple.product-type.tool";
		};
		63997162254DC7F40037A934 /* 继承 */ = {
			isa = PBXNativeTarget;
			buildConfigurationList = 63997169254DC7F40037A934 /* Build configuration list for PBXNativeTarget "继承" */;
			buildPhases = (
				6399715F254DC7F40037A934 /* Sources */,
				63997160254DC7F40037A934 /* Frameworks */,
				63997161254DC7F40037A934 /* CopyFiles */,
			);
			buildRules = (
			);
			dependencies = (
			);
			name = "继承";
			productName = "继承";
			productReference = 63997163254DC7F40037A934 /* 继承 */;
			productType = "com.apple.product-type.tool";
		};
		63E5BAE12525710400EEDD1F /* 字符串和字符 */ = {
			isa = PBXNativeTarget;
			buildConfigurationList = 63E5BAE82525710400EEDD1F /* Build configuration list for PBXNativeTarget "字符串和字符" */;
			buildPhases = (
				63E5BADE2525710400EEDD1F /* Sources */,
				63E5BADF2525710400EEDD1F /* Frameworks */,
				63E5BAE02525710400EEDD1F /* CopyFiles */,
			);
			buildRules = (
			);
			dependencies = (
			);
			name = "字符串和字符";
			productName = "字符串和字符";
			productReference = 63E5BAE22525710400EEDD1F /* 字符串和字符 */;
			productType = "com.apple.product-type.tool";
		};
/* End PBXNativeTarget section */

/* Begin PBXProject section */
		638F8D74251E12300017D655 /* Project object */ = {
			isa = PBXProject;
			attributes = {
				LastSwiftUpdateCheck = 1210;
				LastUpgradeCheck = 1200;
				TargetAttributes = {
					635B602A251FB7FC007F53B1 = {
						CreatedOnToolsVersion = 12.0.1;
					};
					637FF4F6252242DE0067934E = {
						CreatedOnToolsVersion = 12.0.1;
					};
					6385BDA62547C6CF0039F209 = {
						CreatedOnToolsVersion = 12.1;
					};
					638602B6255A6A2B001C284C = {
						CreatedOnToolsVersion = 12.1;
					};
					63878B0E254BD616008BE581 = {
						CreatedOnToolsVersion = 12.1;
					};
					6388C71A254C8D85001B639F = {
						CreatedOnToolsVersion = 12.1;
					};
					638BB9E5253ABD780093ACF7 = {
						CreatedOnToolsVersion = 12.0.1;
					};
					638CC11E25470D3F007FA00B = {
						CreatedOnToolsVersion = 12.1;
					};
					638D9015254590EF000D9DAF = {
						CreatedOnToolsVersion = 12.1;
					};
					638DC70B2539C0190003F701 = {
						CreatedOnToolsVersion = 12.0.1;
					};
					638F8D7B251E12300017D655 = {
						CreatedOnToolsVersion = 12.0.1;
					};
					638F8D8C251E75800017D655 = {
						CreatedOnToolsVersion = 12.0.1;
					};
					638F8D99251E98810017D655 = {
						CreatedOnToolsVersion = 12.0.1;
					};
					6390BF7525373F5900C7238D = {
						CreatedOnToolsVersion = 12.0.1;
					};
					639180042538AA8700A2A235 = {
						CreatedOnToolsVersion = 12.0.1;
					};
					6397400D254EF16800ACB6C3 = {
						CreatedOnToolsVersion = 12.1;
					};
					63997162254DC7F40037A934 = {
						CreatedOnToolsVersion = 12.1;
					};
					63E5BAE12525710400EEDD1F = {
						CreatedOnToolsVersion = 12.0.1;
					};
				};
			};
			buildConfigurationList = 638F8D77251E12300017D655 /* Build configuration list for PBXProject "Syntax" */;
			compatibilityVersion = "Xcode 9.3";
			developmentRegion = en;
			hasScannedForEncodings = 0;
			knownRegions = (
				en,
				Base,
			);
			mainGroup = 638F8D73251E12300017D655;
			productRefGroup = 638F8D7D251E12300017D655 /* Products */;
			projectDirPath = "";
			projectRoot = "";
			targets = (
				638F8D7B251E12300017D655 /* Syntax */,
				638F8D8C251E75800017D655 /* Swift初现 */,
				638F8D99251E98810017D655 /* 基础部分 */,
				635B602A251FB7FC007F53B1 /* 基本运算符 */,
				637FF4F6252242DE0067934E /* 随机函数 */,
				63E5BAE12525710400EEDD1F /* 字符串和字符 */,
				6390BF7525373F5900C7238D /* 集合类型 */,
				639180042538AA8700A2A235 /* 控制流 */,
				638DC70B2539C0190003F701 /* 函数 */,
				638BB9E5253ABD780093ACF7 /* 闭包 */,
				638D9015254590EF000D9DAF /* 枚举 */,
				638CC11E25470D3F007FA00B /* 类和结构体 */,
				6385BDA62547C6CF0039F209 /* 属性 */,
				63878B0E254BD616008BE581 /* 方法 */,
				6388C71A254C8D85001B639F /* 下标 */,
				63997162254DC7F40037A934 /* 继承 */,
				6397400D254EF16800ACB6C3 /* 构造过程 */,
				638602B6255A6A2B001C284C /* 析构过程 */,
			);
		};
/* End PBXProject section */

/* Begin PBXSourcesBuildPhase section */
		635B6027251FB7FC007F53B1 /* Sources */ = {
			isa = PBXSourcesBuildPhase;
			buildActionMask = 2147483647;
			files = (
				635B602E251FB7FC007F53B1 /* main.swift in Sources */,
			);
			runOnlyForDeploymentPostprocessing = 0;
		};
		637FF4F3252242DE0067934E /* Sources */ = {
			isa = PBXSourcesBuildPhase;
			buildActionMask = 2147483647;
			files = (
				637FF4FA252242DF0067934E /* main.swift in Sources */,
			);
			runOnlyForDeploymentPostprocessing = 0;
		};
		6385BDA32547C6CF0039F209 /* Sources */ = {
			isa = PBXSourcesBuildPhase;
			buildActionMask = 2147483647;
			files = (
				6385BDAA2547C6CF0039F209 /* main.swift in Sources */,
			);
			runOnlyForDeploymentPostprocessing = 0;
		};
		638602B3255A6A2B001C284C /* Sources */ = {
			isa = PBXSourcesBuildPhase;
			buildActionMask = 2147483647;
			files = (
				638602BA255A6A2B001C284C /* main.swift in Sources */,
			);
			runOnlyForDeploymentPostprocessing = 0;
		};
		63878B0B254BD616008BE581 /* Sources */ = {
			isa = PBXSourcesBuildPhase;
			buildActionMask = 2147483647;
			files = (
				63878B12254BD616008BE581 /* main.swift in Sources */,
			);
			runOnlyForDeploymentPostprocessing = 0;
		};
		6388C717254C8D85001B639F /* Sources */ = {
			isa = PBXSourcesBuildPhase;
			buildActionMask = 2147483647;
			files = (
				6388C71E254C8D85001B639F /* main.swift in Sources */,
			);
			runOnlyForDeploymentPostprocessing = 0;
		};
		638BB9E2253ABD780093ACF7 /* Sources */ = {
			isa = PBXSourcesBuildPhase;
			buildActionMask = 2147483647;
			files = (
				638BB9E9253ABD780093ACF7 /* main.swift in Sources */,
			);
			runOnlyForDeploymentPostprocessing = 0;
		};
		638CC11B25470D3F007FA00B /* Sources */ = {
			isa = PBXSourcesBuildPhase;
			buildActionMask = 2147483647;
			files = (
				638CC12225470D3F007FA00B /* main.swift in Sources */,
			);
			runOnlyForDeploymentPostprocessing = 0;
		};
		638D9012254590EF000D9DAF /* Sources */ = {
			isa = PBXSourcesBuildPhase;
			buildActionMask = 2147483647;
			files = (
				638D9019254590F0000D9DAF /* main.swift in Sources */,
			);
			runOnlyForDeploymentPostprocessing = 0;
		};
		638DC7082539C0190003F701 /* Sources */ = {
			isa = PBXSourcesBuildPhase;
			buildActionMask = 2147483647;
			files = (
				638DC70F2539C0190003F701 /* main.swift in Sources */,
			);
			runOnlyForDeploymentPostprocessing = 0;
		};
		638F8D78251E12300017D655 /* Sources */ = {
			isa = PBXSourcesBuildPhase;
			buildActionMask = 2147483647;
			files = (
				638F8D80251E12300017D655 /* main.swift in Sources */,
			);
			runOnlyForDeploymentPostprocessing = 0;
		};
		638F8D89251E75800017D655 /* Sources */ = {
			isa = PBXSourcesBuildPhase;
			buildActionMask = 2147483647;
			files = (
				638F8D90251E75800017D655 /* main.swift in Sources */,
			);
			runOnlyForDeploymentPostprocessing = 0;
		};
		638F8D96251E98810017D655 /* Sources */ = {
			isa = PBXSourcesBuildPhase;
			buildActionMask = 2147483647;
			files = (
				638F8D9D251E98810017D655 /* main.swift in Sources */,
			);
			runOnlyForDeploymentPostprocessing = 0;
		};
		6390BF7225373F5900C7238D /* Sources */ = {
			isa = PBXSourcesBuildPhase;
			buildActionMask = 2147483647;
			files = (
				6390BF7925373F5900C7238D /* main.swift in Sources */,
			);
			runOnlyForDeploymentPostprocessing = 0;
		};
		639180012538AA8700A2A235 /* Sources */ = {
			isa = PBXSourcesBuildPhase;
			buildActionMask = 2147483647;
			files = (
				639180082538AA8700A2A235 /* main.swift in Sources */,
			);
			runOnlyForDeploymentPostprocessing = 0;
		};
		6397400A254EF16800ACB6C3 /* Sources */ = {
			isa = PBXSourcesBuildPhase;
			buildActionMask = 2147483647;
			files = (
				63974011254EF16800ACB6C3 /* main.swift in Sources */,
			);
			runOnlyForDeploymentPostprocessing = 0;
		};
		6399715F254DC7F40037A934 /* Sources */ = {
			isa = PBXSourcesBuildPhase;
			buildActionMask = 2147483647;
			files = (
				63997166254DC7F40037A934 /* main.swift in Sources */,
			);
			runOnlyForDeploymentPostprocessing = 0;
		};
		63E5BADE2525710400EEDD1F /* Sources */ = {
			isa = PBXSourcesBuildPhase;
			buildActionMask = 2147483647;
			files = (
				63E5BAE52525710400EEDD1F /* main.swift in Sources */,
			);
			runOnlyForDeploymentPostprocessing = 0;
		};
/* End PBXSourcesBuildPhase section */

/* Begin XCBuildConfiguration section */
		635B602F251FB7FC007F53B1 /* Debug */ = {
			isa = XCBuildConfiguration;
			buildSettings = {
				CODE_SIGN_STYLE = Automatic;
				DEVELOPMENT_TEAM = VU862J6TYQ;
				ENABLE_HARDENED_RUNTIME = YES;
				PRODUCT_NAME = "$(TARGET_NAME)";
				SWIFT_VERSION = 5.0;
			};
			name = Debug;
		};
		635B6030251FB7FC007F53B1 /* Release */ = {
			isa = XCBuildConfiguration;
			buildSettings = {
				CODE_SIGN_STYLE = Automatic;
				DEVELOPMENT_TEAM = VU862J6TYQ;
				ENABLE_HARDENED_RUNTIME = YES;
				PRODUCT_NAME = "$(TARGET_NAME)";
				SWIFT_VERSION = 5.0;
			};
			name = Release;
		};
		637FF4FB252242DF0067934E /* Debug */ = {
			isa = XCBuildConfiguration;
			buildSettings = {
				CODE_SIGN_STYLE = Automatic;
				DEVELOPMENT_TEAM = VU862J6TYQ;
				ENABLE_HARDENED_RUNTIME = YES;
				PRODUCT_NAME = "$(TARGET_NAME)";
				SWIFT_VERSION = 5.0;
			};
			name = Debug;
		};
		637FF4FC252242DF0067934E /* Release */ = {
			isa = XCBuildConfiguration;
			buildSettings = {
				CODE_SIGN_STYLE = Automatic;
				DEVELOPMENT_TEAM = VU862J6TYQ;
				ENABLE_HARDENED_RUNTIME = YES;
				PRODUCT_NAME = "$(TARGET_NAME)";
				SWIFT_VERSION = 5.0;
			};
			name = Release;
		};
		6385BDAB2547C6CF0039F209 /* Debug */ = {
			isa = XCBuildConfiguration;
			buildSettings = {
				CODE_SIGN_STYLE = Automatic;
				DEVELOPMENT_TEAM = VU862J6TYQ;
				ENABLE_HARDENED_RUNTIME = YES;
				PRODUCT_NAME = "$(TARGET_NAME)";
				SWIFT_VERSION = 5.0;
			};
			name = Debug;
		};
		6385BDAC2547C6CF0039F209 /* Release */ = {
			isa = XCBuildConfiguration;
			buildSettings = {
				CODE_SIGN_STYLE = Automatic;
				DEVELOPMENT_TEAM = VU862J6TYQ;
				ENABLE_HARDENED_RUNTIME = YES;
				PRODUCT_NAME = "$(TARGET_NAME)";
				SWIFT_VERSION = 5.0;
			};
			name = Release;
		};
		638602BB255A6A2B001C284C /* Debug */ = {
			isa = XCBuildConfiguration;
			buildSettings = {
				CODE_SIGN_STYLE = Automatic;
				DEVELOPMENT_TEAM = VU862J6TYQ;
				ENABLE_HARDENED_RUNTIME = YES;
				PRODUCT_NAME = "$(TARGET_NAME)";
				SWIFT_VERSION = 5.0;
			};
			name = Debug;
		};
		638602BC255A6A2B001C284C /* Release */ = {
			isa = XCBuildConfiguration;
			buildSettings = {
				CODE_SIGN_STYLE = Automatic;
				DEVELOPMENT_TEAM = VU862J6TYQ;
				ENABLE_HARDENED_RUNTIME = YES;
				PRODUCT_NAME = "$(TARGET_NAME)";
				SWIFT_VERSION = 5.0;
			};
			name = Release;
		};
		63878B13254BD616008BE581 /* Debug */ = {
			isa = XCBuildConfiguration;
			buildSettings = {
				CODE_SIGN_STYLE = Automatic;
				DEVELOPMENT_TEAM = VU862J6TYQ;
				ENABLE_HARDENED_RUNTIME = YES;
				PRODUCT_NAME = "$(TARGET_NAME)";
				SWIFT_VERSION = 5.0;
			};
			name = Debug;
		};
		63878B14254BD616008BE581 /* Release */ = {
			isa = XCBuildConfiguration;
			buildSettings = {
				CODE_SIGN_STYLE = Automatic;
				DEVELOPMENT_TEAM = VU862J6TYQ;
				ENABLE_HARDENED_RUNTIME = YES;
				PRODUCT_NAME = "$(TARGET_NAME)";
				SWIFT_VERSION = 5.0;
			};
			name = Release;
		};
		6388C71F254C8D85001B639F /* Debug */ = {
			isa = XCBuildConfiguration;
			buildSettings = {
				CODE_SIGN_STYLE = Automatic;
				DEVELOPMENT_TEAM = VU862J6TYQ;
				ENABLE_HARDENED_RUNTIME = YES;
				PRODUCT_NAME = "$(TARGET_NAME)";
				SWIFT_VERSION = 5.0;
			};
			name = Debug;
		};
		6388C720254C8D85001B639F /* Release */ = {
			isa = XCBuildConfiguration;
			buildSettings = {
				CODE_SIGN_STYLE = Automatic;
				DEVELOPMENT_TEAM = VU862J6TYQ;
				ENABLE_HARDENED_RUNTIME = YES;
				PRODUCT_NAME = "$(TARGET_NAME)";
				SWIFT_VERSION = 5.0;
			};
			name = Release;
		};
		638BB9EA253ABD780093ACF7 /* Debug */ = {
			isa = XCBuildConfiguration;
			buildSettings = {
				CODE_SIGN_STYLE = Automatic;
				DEVELOPMENT_TEAM = VU862J6TYQ;
				ENABLE_HARDENED_RUNTIME = YES;
				PRODUCT_NAME = "$(TARGET_NAME)";
				SWIFT_VERSION = 5.0;
			};
			name = Debug;
		};
		638BB9EB253ABD780093ACF7 /* Release */ = {
			isa = XCBuildConfiguration;
			buildSettings = {
				CODE_SIGN_STYLE = Automatic;
				DEVELOPMENT_TEAM = VU862J6TYQ;
				ENABLE_HARDENED_RUNTIME = YES;
				PRODUCT_NAME = "$(TARGET_NAME)";
				SWIFT_VERSION = 5.0;
			};
			name = Release;
		};
		638CC12325470D3F007FA00B /* Debug */ = {
			isa = XCBuildConfiguration;
			buildSettings = {
				CODE_SIGN_STYLE = Automatic;
				DEVELOPMENT_TEAM = VU862J6TYQ;
				ENABLE_HARDENED_RUNTIME = YES;
				PRODUCT_NAME = "$(TARGET_NAME)";
				SWIFT_VERSION = 5.0;
			};
			name = Debug;
		};
		638CC12425470D3F007FA00B /* Release */ = {
			isa = XCBuildConfiguration;
			buildSettings = {
				CODE_SIGN_STYLE = Automatic;
				DEVELOPMENT_TEAM = VU862J6TYQ;
				ENABLE_HARDENED_RUNTIME = YES;
				PRODUCT_NAME = "$(TARGET_NAME)";
				SWIFT_VERSION = 5.0;
			};
			name = Release;
		};
		638D901A254590F0000D9DAF /* Debug */ = {
			isa = XCBuildConfiguration;
			buildSettings = {
				CODE_SIGN_STYLE = Automatic;
				DEVELOPMENT_TEAM = VU862J6TYQ;
				ENABLE_HARDENED_RUNTIME = YES;
				PRODUCT_NAME = "$(TARGET_NAME)";
				SWIFT_VERSION = 5.0;
			};
			name = Debug;
		};
		638D901B254590F0000D9DAF /* Release */ = {
			isa = XCBuildConfiguration;
			buildSettings = {
				CODE_SIGN_STYLE = Automatic;
				DEVELOPMENT_TEAM = VU862J6TYQ;
				ENABLE_HARDENED_RUNTIME = YES;
				PRODUCT_NAME = "$(TARGET_NAME)";
				SWIFT_VERSION = 5.0;
			};
			name = Release;
		};
		638DC7102539C0190003F701 /* Debug */ = {
			isa = XCBuildConfiguration;
			buildSettings = {
				CODE_SIGN_STYLE = Automatic;
				DEVELOPMENT_TEAM = VU862J6TYQ;
				ENABLE_HARDENED_RUNTIME = YES;
				PRODUCT_NAME = "$(TARGET_NAME)";
				SWIFT_VERSION = 5.0;
			};
			name = Debug;
		};
		638DC7112539C0190003F701 /* Release */ = {
			isa = XCBuildConfiguration;
			buildSettings = {
				CODE_SIGN_STYLE = Automatic;
				DEVELOPMENT_TEAM = VU862J6TYQ;
				ENABLE_HARDENED_RUNTIME = YES;
				PRODUCT_NAME = "$(TARGET_NAME)";
				SWIFT_VERSION = 5.0;
			};
			name = Release;
		};
		638F8D81251E12300017D655 /* Debug */ = {
			isa = XCBuildConfiguration;
			buildSettings = {
				ALWAYS_SEARCH_USER_PATHS = NO;
				CLANG_ANALYZER_NONNULL = YES;
				CLANG_ANALYZER_NUMBER_OBJECT_CONVERSION = YES_AGGRESSIVE;
				CLANG_CXX_LANGUAGE_STANDARD = "gnu++14";
				CLANG_CXX_LIBRARY = "libc++";
				CLANG_ENABLE_MODULES = YES;
				CLANG_ENABLE_OBJC_ARC = YES;
				CLANG_ENABLE_OBJC_WEAK = YES;
				CLANG_WARN_BLOCK_CAPTURE_AUTORELEASING = YES;
				CLANG_WARN_BOOL_CONVERSION = YES;
				CLANG_WARN_COMMA = YES;
				CLANG_WARN_CONSTANT_CONVERSION = YES;
				CLANG_WARN_DEPRECATED_OBJC_IMPLEMENTATIONS = YES;
				CLANG_WARN_DIRECT_OBJC_ISA_USAGE = YES_ERROR;
				CLANG_WARN_DOCUMENTATION_COMMENTS = YES;
				CLANG_WARN_EMPTY_BODY = YES;
				CLANG_WARN_ENUM_CONVERSION = YES;
				CLANG_WARN_INFINITE_RECURSION = YES;
				CLANG_WARN_INT_CONVERSION = YES;
				CLANG_WARN_NON_LITERAL_NULL_CONVERSION = YES;
				CLANG_WARN_OBJC_IMPLICIT_RETAIN_SELF = YES;
				CLANG_WARN_OBJC_LITERAL_CONVERSION = YES;
				CLANG_WARN_OBJC_ROOT_CLASS = YES_ERROR;
				CLANG_WARN_QUOTED_INCLUDE_IN_FRAMEWORK_HEADER = YES;
				CLANG_WARN_RANGE_LOOP_ANALYSIS = YES;
				CLANG_WARN_STRICT_PROTOTYPES = YES;
				CLANG_WARN_SUSPICIOUS_MOVE = YES;
				CLANG_WARN_UNGUARDED_AVAILABILITY = YES_AGGRESSIVE;
				CLANG_WARN_UNREACHABLE_CODE = YES;
				CLANG_WARN__DUPLICATE_METHOD_MATCH = YES;
				COPY_PHASE_STRIP = NO;
				DEBUG_INFORMATION_FORMAT = dwarf;
				ENABLE_STRICT_OBJC_MSGSEND = YES;
				ENABLE_TESTABILITY = YES;
				GCC_C_LANGUAGE_STANDARD = gnu11;
				GCC_DYNAMIC_NO_PIC = NO;
				GCC_NO_COMMON_BLOCKS = YES;
				GCC_OPTIMIZATION_LEVEL = 0;
				GCC_PREPROCESSOR_DEFINITIONS = (
					"DEBUG=1",
					"$(inherited)",
				);
				GCC_WARN_64_TO_32_BIT_CONVERSION = YES;
				GCC_WARN_ABOUT_RETURN_TYPE = YES_ERROR;
				GCC_WARN_UNDECLARED_SELECTOR = YES;
				GCC_WARN_UNINITIALIZED_AUTOS = YES_AGGRESSIVE;
				GCC_WARN_UNUSED_FUNCTION = YES;
				GCC_WARN_UNUSED_VARIABLE = YES;
				MACOSX_DEPLOYMENT_TARGET = 10.15;
				MTL_ENABLE_DEBUG_INFO = INCLUDE_SOURCE;
				MTL_FAST_MATH = YES;
				ONLY_ACTIVE_ARCH = YES;
				SDKROOT = macosx;
				SWIFT_ACTIVE_COMPILATION_CONDITIONS = DEBUG;
				SWIFT_OPTIMIZATION_LEVEL = "-Onone";
			};
			name = Debug;
		};
		638F8D82251E12300017D655 /* Release */ = {
			isa = XCBuildConfiguration;
			buildSettings = {
				ALWAYS_SEARCH_USER_PATHS = NO;
				CLANG_ANALYZER_NONNULL = YES;
				CLANG_ANALYZER_NUMBER_OBJECT_CONVERSION = YES_AGGRESSIVE;
				CLANG_CXX_LANGUAGE_STANDARD = "gnu++14";
				CLANG_CXX_LIBRARY = "libc++";
				CLANG_ENABLE_MODULES = YES;
				CLANG_ENABLE_OBJC_ARC = YES;
				CLANG_ENABLE_OBJC_WEAK = YES;
				CLANG_WARN_BLOCK_CAPTURE_AUTORELEASING = YES;
				CLANG_WARN_BOOL_CONVERSION = YES;
				CLANG_WARN_COMMA = YES;
				CLANG_WARN_CONSTANT_CONVERSION = YES;
				CLANG_WARN_DEPRECATED_OBJC_IMPLEMENTATIONS = YES;
				CLANG_WARN_DIRECT_OBJC_ISA_USAGE = YES_ERROR;
				CLANG_WARN_DOCUMENTATION_COMMENTS = YES;
				CLANG_WARN_EMPTY_BODY = YES;
				CLANG_WARN_ENUM_CONVERSION = YES;
				CLANG_WARN_INFINITE_RECURSION = YES;
				CLANG_WARN_INT_CONVERSION = YES;
				CLANG_WARN_NON_LITERAL_NULL_CONVERSION = YES;
				CLANG_WARN_OBJC_IMPLICIT_RETAIN_SELF = YES;
				CLANG_WARN_OBJC_LITERAL_CONVERSION = YES;
				CLANG_WARN_OBJC_ROOT_CLASS = YES_ERROR;
				CLANG_WARN_QUOTED_INCLUDE_IN_FRAMEWORK_HEADER = YES;
				CLANG_WARN_RANGE_LOOP_ANALYSIS = YES;
				CLANG_WARN_STRICT_PROTOTYPES = YES;
				CLANG_WARN_SUSPICIOUS_MOVE = YES;
				CLANG_WARN_UNGUARDED_AVAILABILITY = YES_AGGRESSIVE;
				CLANG_WARN_UNREACHABLE_CODE = YES;
				CLANG_WARN__DUPLICATE_METHOD_MATCH = YES;
				COPY_PHASE_STRIP = NO;
				DEBUG_INFORMATION_FORMAT = "dwarf-with-dsym";
				ENABLE_NS_ASSERTIONS = NO;
				ENABLE_STRICT_OBJC_MSGSEND = YES;
				GCC_C_LANGUAGE_STANDARD = gnu11;
				GCC_NO_COMMON_BLOCKS = YES;
				GCC_WARN_64_TO_32_BIT_CONVERSION = YES;
				GCC_WARN_ABOUT_RETURN_TYPE = YES_ERROR;
				GCC_WARN_UNDECLARED_SELECTOR = YES;
				GCC_WARN_UNINITIALIZED_AUTOS = YES_AGGRESSIVE;
				GCC_WARN_UNUSED_FUNCTION = YES;
				GCC_WARN_UNUSED_VARIABLE = YES;
				MACOSX_DEPLOYMENT_TARGET = 10.15;
				MTL_ENABLE_DEBUG_INFO = NO;
				MTL_FAST_MATH = YES;
				SDKROOT = macosx;
				SWIFT_COMPILATION_MODE = wholemodule;
				SWIFT_OPTIMIZATION_LEVEL = "-O";
			};
			name = Release;
		};
		638F8D84251E12300017D655 /* Debug */ = {
			isa = XCBuildConfiguration;
			buildSettings = {
				CODE_SIGN_STYLE = Automatic;
				DEVELOPMENT_TEAM = VU862J6TYQ;
				ENABLE_HARDENED_RUNTIME = YES;
				PRODUCT_NAME = "$(TARGET_NAME)";
				SWIFT_VERSION = 5.0;
			};
			name = Debug;
		};
		638F8D85251E12300017D655 /* Release */ = {
			isa = XCBuildConfiguration;
			buildSettings = {
				CODE_SIGN_STYLE = Automatic;
				DEVELOPMENT_TEAM = VU862J6TYQ;
				ENABLE_HARDENED_RUNTIME = YES;
				PRODUCT_NAME = "$(TARGET_NAME)";
				SWIFT_VERSION = 5.0;
			};
			name = Release;
		};
		638F8D91251E75800017D655 /* Debug */ = {
			isa = XCBuildConfiguration;
			buildSettings = {
				CODE_SIGN_STYLE = Automatic;
				DEVELOPMENT_TEAM = VU862J6TYQ;
				ENABLE_HARDENED_RUNTIME = YES;
				PRODUCT_NAME = "$(TARGET_NAME)";
				SWIFT_VERSION = 5.0;
			};
			name = Debug;
		};
		638F8D92251E75800017D655 /* Release */ = {
			isa = XCBuildConfiguration;
			buildSettings = {
				CODE_SIGN_STYLE = Automatic;
				DEVELOPMENT_TEAM = VU862J6TYQ;
				ENABLE_HARDENED_RUNTIME = YES;
				PRODUCT_NAME = "$(TARGET_NAME)";
				SWIFT_VERSION = 5.0;
			};
			name = Release;
		};
		638F8D9F251E98810017D655 /* Debug */ = {
			isa = XCBuildConfiguration;
			buildSettings = {
				CODE_SIGN_STYLE = Automatic;
				DEVELOPMENT_TEAM = VU862J6TYQ;
				ENABLE_HARDENED_RUNTIME = YES;
				PRODUCT_NAME = "$(TARGET_NAME)";
				SWIFT_VERSION = 5.0;
			};
			name = Debug;
		};
		638F8DA0251E98810017D655 /* Release */ = {
			isa = XCBuildConfiguration;
			buildSettings = {
				CODE_SIGN_STYLE = Automatic;
				DEVELOPMENT_TEAM = VU862J6TYQ;
				ENABLE_HARDENED_RUNTIME = YES;
				PRODUCT_NAME = "$(TARGET_NAME)";
				SWIFT_VERSION = 5.0;
			};
			name = Release;
		};
		6390BF7A25373F5900C7238D /* Debug */ = {
			isa = XCBuildConfiguration;
			buildSettings = {
				CODE_SIGN_STYLE = Automatic;
				DEVELOPMENT_TEAM = VU862J6TYQ;
				ENABLE_HARDENED_RUNTIME = YES;
				PRODUCT_NAME = "$(TARGET_NAME)";
				SWIFT_VERSION = 5.0;
			};
			name = Debug;
		};
		6390BF7B25373F5900C7238D /* Release */ = {
			isa = XCBuildConfiguration;
			buildSettings = {
				CODE_SIGN_STYLE = Automatic;
				DEVELOPMENT_TEAM = VU862J6TYQ;
				ENABLE_HARDENED_RUNTIME = YES;
				PRODUCT_NAME = "$(TARGET_NAME)";
				SWIFT_VERSION = 5.0;
			};
			name = Release;
		};
		639180092538AA8700A2A235 /* Debug */ = {
			isa = XCBuildConfiguration;
			buildSettings = {
				CODE_SIGN_STYLE = Automatic;
				DEVELOPMENT_TEAM = VU862J6TYQ;
				ENABLE_HARDENED_RUNTIME = YES;
				PRODUCT_NAME = "$(TARGET_NAME)";
				SWIFT_VERSION = 5.0;
			};
			name = Debug;
		};
		6391800A2538AA8700A2A235 /* Release */ = {
			isa = XCBuildConfiguration;
			buildSettings = {
				CODE_SIGN_STYLE = Automatic;
				DEVELOPMENT_TEAM = VU862J6TYQ;
				ENABLE_HARDENED_RUNTIME = YES;
				PRODUCT_NAME = "$(TARGET_NAME)";
				SWIFT_VERSION = 5.0;
			};
			name = Release;
		};
		63974012254EF16800ACB6C3 /* Debug */ = {
			isa = XCBuildConfiguration;
			buildSettings = {
				CODE_SIGN_STYLE = Automatic;
				DEVELOPMENT_TEAM = VU862J6TYQ;
				ENABLE_HARDENED_RUNTIME = YES;
				PRODUCT_NAME = "$(TARGET_NAME)";
				SWIFT_VERSION = 5.0;
			};
			name = Debug;
		};
		63974013254EF16800ACB6C3 /* Release */ = {
			isa = XCBuildConfiguration;
			buildSettings = {
				CODE_SIGN_STYLE = Automatic;
				DEVELOPMENT_TEAM = VU862J6TYQ;
				ENABLE_HARDENED_RUNTIME = YES;
				PRODUCT_NAME = "$(TARGET_NAME)";
				SWIFT_VERSION = 5.0;
			};
			name = Release;
		};
		63997167254DC7F40037A934 /* Debug */ = {
			isa = XCBuildConfiguration;
			buildSettings = {
				CODE_SIGN_STYLE = Automatic;
				DEVELOPMENT_TEAM = VU862J6TYQ;
				ENABLE_HARDENED_RUNTIME = YES;
				PRODUCT_NAME = "$(TARGET_NAME)";
				SWIFT_VERSION = 5.0;
			};
			name = Debug;
		};
		63997168254DC7F40037A934 /* Release */ = {
			isa = XCBuildConfiguration;
			buildSettings = {
				CODE_SIGN_STYLE = Automatic;
				DEVELOPMENT_TEAM = VU862J6TYQ;
				ENABLE_HARDENED_RUNTIME = YES;
				PRODUCT_NAME = "$(TARGET_NAME)";
				SWIFT_VERSION = 5.0;
			};
			name = Release;
		};
		63E5BAE62525710400EEDD1F /* Debug */ = {
			isa = XCBuildConfiguration;
			buildSettings = {
				CODE_SIGN_STYLE = Automatic;
				DEVELOPMENT_TEAM = VU862J6TYQ;
				ENABLE_HARDENED_RUNTIME = YES;
				PRODUCT_NAME = "$(TARGET_NAME)";
				SWIFT_VERSION = 5.0;
			};
			name = Debug;
		};
		63E5BAE72525710400EEDD1F /* Release */ = {
			isa = XCBuildConfiguration;
			buildSettings = {
				CODE_SIGN_STYLE = Automatic;
				DEVELOPMENT_TEAM = VU862J6TYQ;
				ENABLE_HARDENED_RUNTIME = YES;
				PRODUCT_NAME = "$(TARGET_NAME)";
				SWIFT_VERSION = 5.0;
			};
			name = Release;
		};
/* End XCBuildConfiguration section */

/* Begin XCConfigurationList section */
		635B6031251FB7FC007F53B1 /* Build configuration list for PBXNativeTarget "基本运算符" */ = {
			isa = XCConfigurationList;
			buildConfigurations = (
				635B602F251FB7FC007F53B1 /* Debug */,
				635B6030251FB7FC007F53B1 /* Release */,
			);
			defaultConfigurationIsVisible = 0;
			defaultConfigurationName = Release;
		};
		637FF4FD252242DF0067934E /* Build configuration list for PBXNativeTarget "随机函数" */ = {
			isa = XCConfigurationList;
			buildConfigurations = (
				637FF4FB252242DF0067934E /* Debug */,
				637FF4FC252242DF0067934E /* Release */,
			);
			defaultConfigurationIsVisible = 0;
			defaultConfigurationName = Release;
		};
		6385BDAD2547C6CF0039F209 /* Build configuration list for PBXNativeTarget "属性" */ = {
			isa = XCConfigurationList;
			buildConfigurations = (
				6385BDAB2547C6CF0039F209 /* Debug */,
				6385BDAC2547C6CF0039F209 /* Release */,
			);
			defaultConfigurationIsVisible = 0;
			defaultConfigurationName = Release;
		};
		638602BD255A6A2B001C284C /* Build configuration list for PBXNativeTarget "析构过程" */ = {
			isa = XCConfigurationList;
			buildConfigurations = (
				638602BB255A6A2B001C284C /* Debug */,
				638602BC255A6A2B001C284C /* Release */,
			);
			defaultConfigurationIsVisible = 0;
			defaultConfigurationName = Release;
		};
		63878B15254BD616008BE581 /* Build configuration list for PBXNativeTarget "方法" */ = {
			isa = XCConfigurationList;
			buildConfigurations = (
				63878B13254BD616008BE581 /* Debug */,
				63878B14254BD616008BE581 /* Release */,
			);
			defaultConfigurationIsVisible = 0;
			defaultConfigurationName = Release;
		};
		6388C721254C8D85001B639F /* Build configuration list for PBXNativeTarget "下标" */ = {
			isa = XCConfigurationList;
			buildConfigurations = (
				6388C71F254C8D85001B639F /* Debug */,
				6388C720254C8D85001B639F /* Release */,
			);
			defaultConfigurationIsVisible = 0;
			defaultConfigurationName = Release;
		};
		638BB9EC253ABD780093ACF7 /* Build configuration list for PBXNativeTarget "闭包" */ = {
			isa = XCConfigurationList;
			buildConfigurations = (
				638BB9EA253ABD780093ACF7 /* Debug */,
				638BB9EB253ABD780093ACF7 /* Release */,
			);
			defaultConfigurationIsVisible = 0;
			defaultConfigurationName = Release;
		};
		638CC12525470D3F007FA00B /* Build configuration list for PBXNativeTarget "类和结构体" */ = {
			isa = XCConfigurationList;
			buildConfigurations = (
				638CC12325470D3F007FA00B /* Debug */,
				638CC12425470D3F007FA00B /* Release */,
			);
			defaultConfigurationIsVisible = 0;
			defaultConfigurationName = Release;
		};
		638D901C254590F0000D9DAF /* Build configuration list for PBXNativeTarget "枚举" */ = {
			isa = XCConfigurationList;
			buildConfigurations = (
				638D901A254590F0000D9DAF /* Debug */,
				638D901B254590F0000D9DAF /* Release */,
			);
			defaultConfigurationIsVisible = 0;
			defaultConfigurationName = Release;
		};
		638DC7122539C0190003F701 /* Build configuration list for PBXNativeTarget "函数" */ = {
			isa = XCConfigurationList;
			buildConfigurations = (
				638DC7102539C0190003F701 /* Debug */,
				638DC7112539C0190003F701 /* Release */,
			);
			defaultConfigurationIsVisible = 0;
			defaultConfigurationName = Release;
		};
		638F8D77251E12300017D655 /* Build configuration list for PBXProject "Syntax" */ = {
			isa = XCConfigurationList;
			buildConfigurations = (
				638F8D81251E12300017D655 /* Debug */,
				638F8D82251E12300017D655 /* Release */,
			);
			defaultConfigurationIsVisible = 0;
			defaultConfigurationName = Release;
		};
		638F8D83251E12300017D655 /* Build configuration list for PBXNativeTarget "Syntax" */ = {
			isa = XCConfigurationList;
			buildConfigurations = (
				638F8D84251E12300017D655 /* Debug */,
				638F8D85251E12300017D655 /* Release */,
			);
			defaultConfigurationIsVisible = 0;
			defaultConfigurationName = Release;
		};
		638F8D93251E75800017D655 /* Build configuration list for PBXNativeTarget "Swift初现" */ = {
			isa = XCConfigurationList;
			buildConfigurations = (
				638F8D91251E75800017D655 /* Debug */,
				638F8D92251E75800017D655 /* Release */,
			);
			defaultConfigurationIsVisible = 0;
			defaultConfigurationName = Release;
		};
		638F8D9E251E98810017D655 /* Build configuration list for PBXNativeTarget "基础部分" */ = {
			isa = XCConfigurationList;
			buildConfigurations = (
				638F8D9F251E98810017D655 /* Debug */,
				638F8DA0251E98810017D655 /* Release */,
			);
			defaultConfigurationIsVisible = 0;
			defaultConfigurationName = Release;
		};
		6390BF7C25373F5900C7238D /* Build configuration list for PBXNativeTarget "集合类型" */ = {
			isa = XCConfigurationList;
			buildConfigurations = (
				6390BF7A25373F5900C7238D /* Debug */,
				6390BF7B25373F5900C7238D /* Release */,
			);
			defaultConfigurationIsVisible = 0;
			defaultConfigurationName = Release;
		};
		6391800B2538AA8700A2A235 /* Build configuration list for PBXNativeTarget "控制流" */ = {
			isa = XCConfigurationList;
			buildConfigurations = (
				639180092538AA8700A2A235 /* Debug */,
				6391800A2538AA8700A2A235 /* Release */,
			);
			defaultConfigurationIsVisible = 0;
			defaultConfigurationName = Release;
		};
		63974014254EF16800ACB6C3 /* Build configuration list for PBXNativeTarget "构造过程" */ = {
			isa = XCConfigurationList;
			buildConfigurations = (
				63974012254EF16800ACB6C3 /* Debug */,
				63974013254EF16800ACB6C3 /* Release */,
			);
			defaultConfigurationIsVisible = 0;
			defaultConfigurationName = Release;
		};
		63997169254DC7F40037A934 /* Build configuration list for PBXNativeTarget "继承" */ = {
			isa = XCConfigurationList;
			buildConfigurations = (
				63997167254DC7F40037A934 /* Debug */,
				63997168254DC7F40037A934 /* Release */,
			);
			defaultConfigurationIsVisible = 0;
			defaultConfigurationName = Release;
		};
		63E5BAE82525710400EEDD1F /* Build configuration list for PBXNativeTarget "字符串和字符" */ = {
			isa = XCConfigurationList;
			buildConfigurations = (
				63E5BAE62525710400EEDD1F /* Debug */,
				63E5BAE72525710400EEDD1F /* Release */,
			);
			defaultConfigurationIsVisible = 0;
			defaultConfigurationName = Release;
		};
/* End XCConfigurationList section */
	};
	rootObject = 638F8D74251E12300017D655 /* Project object */;
}
