// !$*UTF8*$!
{
	archiveVersion = 1;
	classes = {
	};
	objectVersion = 50;
	objects = {

/* Begin PBXBuildFile section */
		635B602E251FB7FC007F53B1 /* main.swift in Sources */ = {isa = PBXBuildFile; fileRef = 635B602D251FB7FC007F53B1 /* main.swift */; };
		637FF4FA252242DF0067934E /* main.swift in Sources */ = {isa = PBXBuildFile; fileRef = 637FF4F9252242DF0067934E /* main.swift */; };
		638F8D80251E12300017D655 /* main.swift in Sources */ = {isa = PBXBuildFile; fileRef = 638F8D7F251E12300017D655 /* main.swift */; };
		638F8D90251E75800017D655 /* main.swift in Sources */ = {isa = PBXBuildFile; fileRef = 638F8D8F251E75800017D655 /* main.swift */; };
		638F8D9D251E98810017D655 /* main.swift in Sources */ = {isa = PBXBuildFile; fileRef = 638F8D9C251E98810017D655 /* main.swift */; };
/* End PBXBuildFile section */

/* Begin PBXCopyFilesBuildPhase section */
		635B6029251FB7FC007F53B1 /* CopyFiles */ = {
			isa = PBXCopyFilesBuildPhase;
			buildActionMask = 2147483647;
			dstPath = /usr/share/man/man1/;
			dstSubfolderSpec = 0;
			files = (
			);
			runOnlyForDeploymentPostprocessing = 1;
		};
		637FF4F5252242DE0067934E /* CopyFiles */ = {
			isa = PBXCopyFilesBuildPhase;
			buildActionMask = 2147483647;
			dstPath = /usr/share/man/man1/;
			dstSubfolderSpec = 0;
			files = (
			);
			runOnlyForDeploymentPostprocessing = 1;
		};
		638F8D7A251E12300017D655 /* CopyFiles */ = {
			isa = PBXCopyFilesBuildPhase;
			buildActionMask = 2147483647;
			dstPath = /usr/share/man/man1/;
			dstSubfolderSpec = 0;
			files = (
			);
			runOnlyForDeploymentPostprocessing = 1;
		};
		638F8D8B251E75800017D655 /* CopyFiles */ = {
			isa = PBXCopyFilesBuildPhase;
			buildActionMask = 2147483647;
			dstPath = /usr/share/man/man1/;
			dstSubfolderSpec = 0;
			files = (
			);
			runOnlyForDeploymentPostprocessing = 1;
		};
		638F8D98251E98810017D655 /* CopyFiles */ = {
			isa = PBXCopyFilesBuildPhase;
			buildActionMask = 2147483647;
			dstPath = /usr/share/man/man1/;
			dstSubfolderSpec = 0;
			files = (
			);
			runOnlyForDeploymentPostprocessing = 1;
		};
/* End PBXCopyFilesBuildPhase section */

/* Begin PBXFileReference section */
		635B602B251FB7FC007F53B1 /* 基本运算符 */ = {isa = PBXFileReference; explicitFileType = "compiled.mach-o.executable"; includeInIndex = 0; path = "基本运算符"; sourceTree = BUILT_PRODUCTS_DIR; };
		635B602D251FB7FC007F53B1 /* main.swift */ = {isa = PBXFileReference; lastKnownFileType = sourcecode.swift; path = main.swift; sourceTree = "<group>"; };
		637FF4F7252242DE0067934E /* 随机函数 */ = {isa = PBXFileReference; explicitFileType = "compiled.mach-o.executable"; includeInIndex = 0; path = "随机函数"; sourceTree = BUILT_PRODUCTS_DIR; };
		637FF4F9252242DF0067934E /* main.swift */ = {isa = PBXFileReference; lastKnownFileType = sourcecode.swift; path = main.swift; sourceTree = "<group>"; };
		638F8D7C251E12300017D655 /* Syntax */ = {isa = PBXFileReference; explicitFileType = "compiled.mach-o.executable"; includeInIndex = 0; path = Syntax; sourceTree = BUILT_PRODUCTS_DIR; };
		638F8D7F251E12300017D655 /* main.swift */ = {isa = PBXFileReference; lastKnownFileType = sourcecode.swift; path = main.swift; sourceTree = "<group>"; };
		638F8D8D251E75800017D655 /* Swift初现 */ = {isa = PBXFileReference; explicitFileType = "compiled.mach-o.executable"; includeInIndex = 0; path = "Swift初现"; sourceTree = BUILT_PRODUCTS_DIR; };
		638F8D8F251E75800017D655 /* main.swift */ = {isa = PBXFileReference; lastKnownFileType = sourcecode.swift; path = main.swift; sourceTree = "<group>"; };
		638F8D9A251E98810017D655 /* 基础部分 */ = {isa = PBXFileReference; explicitFileType = "compiled.mach-o.executable"; includeInIndex = 0; path = "基础部分"; sourceTree = BUILT_PRODUCTS_DIR; };
		638F8D9C251E98810017D655 /* main.swift */ = {isa = PBXFileReference; lastKnownFileType = sourcecode.swift; path = main.swift; sourceTree = "<group>"; };
/* End PBXFileReference section */

/* Begin PBXFrameworksBuildPhase section */
		635B6028251FB7FC007F53B1 /* Frameworks */ = {
			isa = PBXFrameworksBuildPhase;
			buildActionMask = 2147483647;
			files = (
			);
			runOnlyForDeploymentPostprocessing = 0;
		};
		637FF4F4252242DE0067934E /* Frameworks */ = {
			isa = PBXFrameworksBuildPhase;
			buildActionMask = 2147483647;
			files = (
			);
			runOnlyForDeploymentPostprocessing = 0;
		};
		638F8D79251E12300017D655 /* Frameworks */ = {
			isa = PBXFrameworksBuildPhase;
			buildActionMask = 2147483647;
			files = (
			);
			runOnlyForDeploymentPostprocessing = 0;
		};
		638F8D8A251E75800017D655 /* Frameworks */ = {
			isa = PBXFrameworksBuildPhase;
			buildActionMask = 2147483647;
			files = (
			);
			runOnlyForDeploymentPostprocessing = 0;
		};
		638F8D97251E98810017D655 /* Frameworks */ = {
			isa = PBXFrameworksBuildPhase;
			buildActionMask = 2147483647;
			files = (
			);
			runOnlyForDeploymentPostprocessing = 0;
		};
/* End PBXFrameworksBuildPhase section */

/* Begin PBXGroup section */
		635B602C251FB7FC007F53B1 /* 基本运算符 */ = {
			isa = PBXGroup;
			children = (
				635B602D251FB7FC007F53B1 /* main.swift */,
			);
			path = "基本运算符";
			sourceTree = "<group>";
		};
		637FF4F8252242DE0067934E /* 随机函数 */ = {
			isa = PBXGroup;
			children = (
				637FF4F9252242DF0067934E /* main.swift */,
			);
			path = "随机函数";
			sourceTree = "<group>";
		};
		638F8D73251E12300017D655 = {
			isa = PBXGroup;
			children = (
				638F8D7E251E12300017D655 /* Syntax */,
				638F8D8E251E75800017D655 /* Swift初现 */,
				638F8D9B251E98810017D655 /* 基础部分 */,
				635B602C251FB7FC007F53B1 /* 基本运算符 */,
				637FF4F8252242DE0067934E /* 随机函数 */,
				638F8D7D251E12300017D655 /* Products */,
			);
			sourceTree = "<group>";
		};
		638F8D7D251E12300017D655 /* Products */ = {
			isa = PBXGroup;
			children = (
				638F8D7C251E12300017D655 /* Syntax */,
				638F8D8D251E75800017D655 /* Swift初现 */,
				638F8D9A251E98810017D655 /* 基础部分 */,
				635B602B251FB7FC007F53B1 /* 基本运算符 */,
				637FF4F7252242DE0067934E /* 随机函数 */,
			);
			name = Products;
			sourceTree = "<group>";
		};
		638F8D7E251E12300017D655 /* Syntax */ = {
			isa = PBXGroup;
			children = (
				638F8D7F251E12300017D655 /* main.swift */,
			);
			path = Syntax;
			sourceTree = "<group>";
		};
		638F8D8E251E75800017D655 /* Swift初现 */ = {
			isa = PBXGroup;
			children = (
				638F8D8F251E75800017D655 /* main.swift */,
			);
			path = "Swift初现";
			sourceTree = "<group>";
		};
		638F8D9B251E98810017D655 /* 基础部分 */ = {
			isa = PBXGroup;
			children = (
				638F8D9C251E98810017D655 /* main.swift */,
			);
			path = "基础部分";
			sourceTree = "<group>";
		};
/* End PBXGroup section */

/* Begin PBXNativeTarget section */
		635B602A251FB7FC007F53B1 /* 基本运算符 */ = {
			isa = PBXNativeTarget;
			buildConfigurationList = 635B6031251FB7FC007F53B1 /* Build configuration list for PBXNativeTarget "基本运算符" */;
			buildPhases = (
				635B6027251FB7FC007F53B1 /* Sources */,
				635B6028251FB7FC007F53B1 /* Frameworks */,
				635B6029251FB7FC007F53B1 /* CopyFiles */,
			);
			buildRules = (
			);
			dependencies = (
			);
			name = "基本运算符";
			productName = "基本运算符";
			productReference = 635B602B251FB7FC007F53B1 /* 基本运算符 */;
			productType = "com.apple.product-type.tool";
		};
		637FF4F6252242DE0067934E /* 随机函数 */ = {
			isa = PBXNativeTarget;
			buildConfigurationList = 637FF4FD252242DF0067934E /* Build configuration list for PBXNativeTarget "随机函数" */;
			buildPhases = (
				637FF4F3252242DE0067934E /* Sources */,
				637FF4F4252242DE0067934E /* Frameworks */,
				637FF4F5252242DE0067934E /* CopyFiles */,
			);
			buildRules = (
			);
			dependencies = (
			);
			name = "随机函数";
			productName = "随机函数";
			productReference = 637FF4F7252242DE0067934E /* 随机函数 */;
			productType = "com.apple.product-type.tool";
		};
		638F8D7B251E12300017D655 /* Syntax */ = {
			isa = PBXNativeTarget;
			buildConfigurationList = 638F8D83251E12300017D655 /* Build configuration list for PBXNativeTarget "Syntax" */;
			buildPhases = (
				638F8D78251E12300017D655 /* Sources */,
				638F8D79251E12300017D655 /* Frameworks */,
				638F8D7A251E12300017D655 /* CopyFiles */,
			);
			buildRules = (
			);
			dependencies = (
			);
			name = Syntax;
			productName = Syntax;
			productReference = 638F8D7C251E12300017D655 /* Syntax */;
			productType = "com.apple.product-type.tool";
		};
		638F8D8C251E75800017D655 /* Swift初现 */ = {
			isa = PBXNativeTarget;
			buildConfigurationList = 638F8D93251E75800017D655 /* Build configuration list for PBXNativeTarget "Swift初现" */;
			buildPhases = (
				638F8D89251E75800017D655 /* Sources */,
				638F8D8A251E75800017D655 /* Frameworks */,
				638F8D8B251E75800017D655 /* CopyFiles */,
			);
			buildRules = (
			);
			dependencies = (
			);
			name = "Swift初现";
			productName = "Swift初现";
			productReference = 638F8D8D251E75800017D655 /* Swift初现 */;
			productType = "com.apple.product-type.tool";
		};
		638F8D99251E98810017D655 /* 基础部分 */ = {
			isa = PBXNativeTarget;
			buildConfigurationList = 638F8D9E251E98810017D655 /* Build configuration list for PBXNativeTarget "基础部分" */;
			buildPhases = (
				638F8D96251E98810017D655 /* Sources */,
				638F8D97251E98810017D655 /* Frameworks */,
				638F8D98251E98810017D655 /* CopyFiles */,
			);
			buildRules = (
			);
			dependencies = (
			);
			name = "基础部分";
			productName = "基础部分";
			productReference = 638F8D9A251E98810017D655 /* 基础部分 */;
			productType = "com.apple.product-type.tool";
		};
/* End PBXNativeTarget section */

/* Begin PBXProject section */
		638F8D74251E12300017D655 /* Project object */ = {
			isa = PBXProject;
			attributes = {
				LastSwiftUpdateCheck = 1200;
				LastUpgradeCheck = 1200;
				TargetAttributes = {
					635B602A251FB7FC007F53B1 = {
						CreatedOnToolsVersion = 12.0.1;
					};
					637FF4F6252242DE0067934E = {
						CreatedOnToolsVersion = 12.0.1;
					};
					638F8D7B251E12300017D655 = {
						CreatedOnToolsVersion = 12.0.1;
					};
					638F8D8C251E75800017D655 = {
						CreatedOnToolsVersion = 12.0.1;
					};
					638F8D99251E98810017D655 = {
						CreatedOnToolsVersion = 12.0.1;
					};
				};
			};
			buildConfigurationList = 638F8D77251E12300017D655 /* Build configuration list for PBXProject "Syntax" */;
			compatibilityVersion = "Xcode 9.3";
			developmentRegion = en;
			hasScannedForEncodings = 0;
			knownRegions = (
				en,
				Base,
			);
			mainGroup = 638F8D73251E12300017D655;
			productRefGroup = 638F8D7D251E12300017D655 /* Products */;
			projectDirPath = "";
			projectRoot = "";
			targets = (
				638F8D7B251E12300017D655 /* Syntax */,
				638F8D8C251E75800017D655 /* Swift初现 */,
				638F8D99251E98810017D655 /* 基础部分 */,
				635B602A251FB7FC007F53B1 /* 基本运算符 */,
				637FF4F6252242DE0067934E /* 随机函数 */,
			);
		};
/* End PBXProject section */

/* Begin PBXSourcesBuildPhase section */
		635B6027251FB7FC007F53B1 /* Sources */ = {
			isa = PBXSourcesBuildPhase;
			buildActionMask = 2147483647;
			files = (
				635B602E251FB7FC007F53B1 /* main.swift in Sources */,
			);
			runOnlyForDeploymentPostprocessing = 0;
		};
		637FF4F3252242DE0067934E /* Sources */ = {
			isa = PBXSourcesBuildPhase;
			buildActionMask = 2147483647;
			files = (
				637FF4FA252242DF0067934E /* main.swift in Sources */,
			);
			runOnlyForDeploymentPostprocessing = 0;
		};
		638F8D78251E12300017D655 /* Sources */ = {
			isa = PBXSourcesBuildPhase;
			buildActionMask = 2147483647;
			files = (
				638F8D80251E12300017D655 /* main.swift in Sources */,
			);
			runOnlyForDeploymentPostprocessing = 0;
		};
		638F8D89251E75800017D655 /* Sources */ = {
			isa = PBXSourcesBuildPhase;
			buildActionMask = 2147483647;
			files = (
				638F8D90251E75800017D655 /* main.swift in Sources */,
			);
			runOnlyForDeploymentPostprocessing = 0;
		};
		638F8D96251E98810017D655 /* Sources */ = {
			isa = PBXSourcesBuildPhase;
			buildActionMask = 2147483647;
			files = (
				638F8D9D251E98810017D655 /* main.swift in Sources */,
			);
			runOnlyForDeploymentPostprocessing = 0;
		};
/* End PBXSourcesBuildPhase section */

/* Begin XCBuildConfiguration section */
		635B602F251FB7FC007F53B1 /* Debug */ = {
			isa = XCBuildConfiguration;
			buildSettings = {
				CODE_SIGN_STYLE = Automatic;
				DEVELOPMENT_TEAM = VU862J6TYQ;
				ENABLE_HARDENED_RUNTIME = YES;
				PRODUCT_NAME = "$(TARGET_NAME)";
				SWIFT_VERSION = 5.0;
			};
			name = Debug;
		};
		635B6030251FB7FC007F53B1 /* Release */ = {
			isa = XCBuildConfiguration;
			buildSettings = {
				CODE_SIGN_STYLE = Automatic;
				DEVELOPMENT_TEAM = VU862J6TYQ;
				ENABLE_HARDENED_RUNTIME = YES;
				PRODUCT_NAME = "$(TARGET_NAME)";
				SWIFT_VERSION = 5.0;
			};
			name = Release;
		};
		637FF4FB252242DF0067934E /* Debug */ = {
			isa = XCBuildConfiguration;
			buildSettings = {
				CODE_SIGN_STYLE = Automatic;
				DEVELOPMENT_TEAM = VU862J6TYQ;
				ENABLE_HARDENED_RUNTIME = YES;
				PRODUCT_NAME = "$(TARGET_NAME)";
				SWIFT_VERSION = 5.0;
			};
			name = Debug;
		};
		637FF4FC252242DF0067934E /* Release */ = {
			isa = XCBuildConfiguration;
			buildSettings = {
				CODE_SIGN_STYLE = Automatic;
				DEVELOPMENT_TEAM = VU862J6TYQ;
				ENABLE_HARDENED_RUNTIME = YES;
				PRODUCT_NAME = "$(TARGET_NAME)";
				SWIFT_VERSION = 5.0;
			};
			name = Release;
		};
		638F8D81251E12300017D655 /* Debug */ = {
			isa = XCBuildConfiguration;
			buildSettings = {
				ALWAYS_SEARCH_USER_PATHS = NO;
				CLANG_ANALYZER_NONNULL = YES;
				CLANG_ANALYZER_NUMBER_OBJECT_CONVERSION = YES_AGGRESSIVE;
				CLANG_CXX_LANGUAGE_STANDARD = "gnu++14";
				CLANG_CXX_LIBRARY = "libc++";
				CLANG_ENABLE_MODULES = YES;
				CLANG_ENABLE_OBJC_ARC = YES;
				CLANG_ENABLE_OBJC_WEAK = YES;
				CLANG_WARN_BLOCK_CAPTURE_AUTORELEASING = YES;
				CLANG_WARN_BOOL_CONVERSION = YES;
				CLANG_WARN_COMMA = YES;
				CLANG_WARN_CONSTANT_CONVERSION = YES;
				CLANG_WARN_DEPRECATED_OBJC_IMPLEMENTATIONS = YES;
				CLANG_WARN_DIRECT_OBJC_ISA_USAGE = YES_ERROR;
				CLANG_WARN_DOCUMENTATION_COMMENTS = YES;
				CLANG_WARN_EMPTY_BODY = YES;
				CLANG_WARN_ENUM_CONVERSION = YES;
				CLANG_WARN_INFINITE_RECURSION = YES;
				CLANG_WARN_INT_CONVERSION = YES;
				CLANG_WARN_NON_LITERAL_NULL_CONVERSION = YES;
				CLANG_WARN_OBJC_IMPLICIT_RETAIN_SELF = YES;
				CLANG_WARN_OBJC_LITERAL_CONVERSION = YES;
				CLANG_WARN_OBJC_ROOT_CLASS = YES_ERROR;
				CLANG_WARN_QUOTED_INCLUDE_IN_FRAMEWORK_HEADER = YES;
				CLANG_WARN_RANGE_LOOP_ANALYSIS = YES;
				CLANG_WARN_STRICT_PROTOTYPES = YES;
				CLANG_WARN_SUSPICIOUS_MOVE = YES;
				CLANG_WARN_UNGUARDED_AVAILABILITY = YES_AGGRESSIVE;
				CLANG_WARN_UNREACHABLE_CODE = YES;
				CLANG_WARN__DUPLICATE_METHOD_MATCH = YES;
				COPY_PHASE_STRIP = NO;
				DEBUG_INFORMATION_FORMAT = dwarf;
				ENABLE_STRICT_OBJC_MSGSEND = YES;
				ENABLE_TESTABILITY = YES;
				GCC_C_LANGUAGE_STANDARD = gnu11;
				GCC_DYNAMIC_NO_PIC = NO;
				GCC_NO_COMMON_BLOCKS = YES;
				GCC_OPTIMIZATION_LEVEL = 0;
				GCC_PREPROCESSOR_DEFINITIONS = (
					"DEBUG=1",
					"$(inherited)",
				);
				GCC_WARN_64_TO_32_BIT_CONVERSION = YES;
				GCC_WARN_ABOUT_RETURN_TYPE = YES_ERROR;
				GCC_WARN_UNDECLARED_SELECTOR = YES;
				GCC_WARN_UNINITIALIZED_AUTOS = YES_AGGRESSIVE;
				GCC_WARN_UNUSED_FUNCTION = YES;
				GCC_WARN_UNUSED_VARIABLE = YES;
				MACOSX_DEPLOYMENT_TARGET = 10.15;
				MTL_ENABLE_DEBUG_INFO = INCLUDE_SOURCE;
				MTL_FAST_MATH = YES;
				ONLY_ACTIVE_ARCH = YES;
				SDKROOT = macosx;
				SWIFT_ACTIVE_COMPILATION_CONDITIONS = DEBUG;
				SWIFT_OPTIMIZATION_LEVEL = "-Onone";
			};
			name = Debug;
		};
		638F8D82251E12300017D655 /* Release */ = {
			isa = XCBuildConfiguration;
			buildSettings = {
				ALWAYS_SEARCH_USER_PATHS = NO;
				CLANG_ANALYZER_NONNULL = YES;
				CLANG_ANALYZER_NUMBER_OBJECT_CONVERSION = YES_AGGRESSIVE;
				CLANG_CXX_LANGUAGE_STANDARD = "gnu++14";
				CLANG_CXX_LIBRARY = "libc++";
				CLANG_ENABLE_MODULES = YES;
				CLANG_ENABLE_OBJC_ARC = YES;
				CLANG_ENABLE_OBJC_WEAK = YES;
				CLANG_WARN_BLOCK_CAPTURE_AUTORELEASING = YES;
				CLANG_WARN_BOOL_CONVERSION = YES;
				CLANG_WARN_COMMA = YES;
				CLANG_WARN_CONSTANT_CONVERSION = YES;
				CLANG_WARN_DEPRECATED_OBJC_IMPLEMENTATIONS = YES;
				CLANG_WARN_DIRECT_OBJC_ISA_USAGE = YES_ERROR;
				CLANG_WARN_DOCUMENTATION_COMMENTS = YES;
				CLANG_WARN_EMPTY_BODY = YES;
				CLANG_WARN_ENUM_CONVERSION = YES;
				CLANG_WARN_INFINITE_RECURSION = YES;
				CLANG_WARN_INT_CONVERSION = YES;
				CLANG_WARN_NON_LITERAL_NULL_CONVERSION = YES;
				CLANG_WARN_OBJC_IMPLICIT_RETAIN_SELF = YES;
				CLANG_WARN_OBJC_LITERAL_CONVERSION = YES;
				CLANG_WARN_OBJC_ROOT_CLASS = YES_ERROR;
				CLANG_WARN_QUOTED_INCLUDE_IN_FRAMEWORK_HEADER = YES;
				CLANG_WARN_RANGE_LOOP_ANALYSIS = YES;
				CLANG_WARN_STRICT_PROTOTYPES = YES;
				CLANG_WARN_SUSPICIOUS_MOVE = YES;
				CLANG_WARN_UNGUARDED_AVAILABILITY = YES_AGGRESSIVE;
				CLANG_WARN_UNREACHABLE_CODE = YES;
				CLANG_WARN__DUPLICATE_METHOD_MATCH = YES;
				COPY_PHASE_STRIP = NO;
				DEBUG_INFORMATION_FORMAT = "dwarf-with-dsym";
				ENABLE_NS_ASSERTIONS = NO;
				ENABLE_STRICT_OBJC_MSGSEND = YES;
				GCC_C_LANGUAGE_STANDARD = gnu11;
				GCC_NO_COMMON_BLOCKS = YES;
				GCC_WARN_64_TO_32_BIT_CONVERSION = YES;
				GCC_WARN_ABOUT_RETURN_TYPE = YES_ERROR;
				GCC_WARN_UNDECLARED_SELECTOR = YES;
				GCC_WARN_UNINITIALIZED_AUTOS = YES_AGGRESSIVE;
				GCC_WARN_UNUSED_FUNCTION = YES;
				GCC_WARN_UNUSED_VARIABLE = YES;
				MACOSX_DEPLOYMENT_TARGET = 10.15;
				MTL_ENABLE_DEBUG_INFO = NO;
				MTL_FAST_MATH = YES;
				SDKROOT = macosx;
				SWIFT_COMPILATION_MODE = wholemodule;
				SWIFT_OPTIMIZATION_LEVEL = "-O";
			};
			name = Release;
		};
		638F8D84251E12300017D655 /* Debug */ = {
			isa = XCBuildConfiguration;
			buildSettings = {
				CODE_SIGN_STYLE = Automatic;
				DEVELOPMENT_TEAM = VU862J6TYQ;
				ENABLE_HARDENED_RUNTIME = YES;
				PRODUCT_NAME = "$(TARGET_NAME)";
				SWIFT_VERSION = 5.0;
			};
			name = Debug;
		};
		638F8D85251E12300017D655 /* Release */ = {
			isa = XCBuildConfiguration;
			buildSettings = {
				CODE_SIGN_STYLE = Automatic;
				DEVELOPMENT_TEAM = VU862J6TYQ;
				ENABLE_HARDENED_RUNTIME = YES;
				PRODUCT_NAME = "$(TARGET_NAME)";
				SWIFT_VERSION = 5.0;
			};
			name = Release;
		};
		638F8D91251E75800017D655 /* Debug */ = {
			isa = XCBuildConfiguration;
			buildSettings = {
				CODE_SIGN_STYLE = Automatic;
				DEVELOPMENT_TEAM = VU862J6TYQ;
				ENABLE_HARDENED_RUNTIME = YES;
				PRODUCT_NAME = "$(TARGET_NAME)";
				SWIFT_VERSION = 5.0;
			};
			name = Debug;
		};
		638F8D92251E75800017D655 /* Release */ = {
			isa = XCBuildConfiguration;
			buildSettings = {
				CODE_SIGN_STYLE = Automatic;
				DEVELOPMENT_TEAM = VU862J6TYQ;
				ENABLE_HARDENED_RUNTIME = YES;
				PRODUCT_NAME = "$(TARGET_NAME)";
				SWIFT_VERSION = 5.0;
			};
			name = Release;
		};
		638F8D9F251E98810017D655 /* Debug */ = {
			isa = XCBuildConfiguration;
			buildSettings = {
				CODE_SIGN_STYLE = Automatic;
				DEVELOPMENT_TEAM = VU862J6TYQ;
				ENABLE_HARDENED_RUNTIME = YES;
				PRODUCT_NAME = "$(TARGET_NAME)";
				SWIFT_VERSION = 5.0;
			};
			name = Debug;
		};
		638F8DA0251E98810017D655 /* Release */ = {
			isa = XCBuildConfiguration;
			buildSettings = {
				CODE_SIGN_STYLE = Automatic;
				DEVELOPMENT_TEAM = VU862J6TYQ;
				ENABLE_HARDENED_RUNTIME = YES;
				PRODUCT_NAME = "$(TARGET_NAME)";
				SWIFT_VERSION = 5.0;
			};
			name = Release;
		};
/* End XCBuildConfiguration section */

/* Begin XCConfigurationList section */
		635B6031251FB7FC007F53B1 /* Build configuration list for PBXNativeTarget "基本运算符" */ = {
			isa = XCConfigurationList;
			buildConfigurations = (
				635B602F251FB7FC007F53B1 /* Debug */,
				635B6030251FB7FC007F53B1 /* Release */,
			);
			defaultConfigurationIsVisible = 0;
			defaultConfigurationName = Release;
		};
		637FF4FD252242DF0067934E /* Build configuration list for PBXNativeTarget "随机函数" */ = {
			isa = XCConfigurationList;
			buildConfigurations = (
				637FF4FB252242DF0067934E /* Debug */,
				637FF4FC252242DF0067934E /* Release */,
			);
			defaultConfigurationIsVisible = 0;
			defaultConfigurationName = Release;
		};
		638F8D77251E12300017D655 /* Build configuration list for PBXProject "Syntax" */ = {
			isa = XCConfigurationList;
			buildConfigurations = (
				638F8D81251E12300017D655 /* Debug */,
				638F8D82251E12300017D655 /* Release */,
			);
			defaultConfigurationIsVisible = 0;
			defaultConfigurationName = Release;
		};
		638F8D83251E12300017D655 /* Build configuration list for PBXNativeTarget "Syntax" */ = {
			isa = XCConfigurationList;
			buildConfigurations = (
				638F8D84251E12300017D655 /* Debug */,
				638F8D85251E12300017D655 /* Release */,
			);
			defaultConfigurationIsVisible = 0;
			defaultConfigurationName = Release;
		};
		638F8D93251E75800017D655 /* Build configuration list for PBXNativeTarget "Swift初现" */ = {
			isa = XCConfigurationList;
			buildConfigurations = (
				638F8D91251E75800017D655 /* Debug */,
				638F8D92251E75800017D655 /* Release */,
			);
			defaultConfigurationIsVisible = 0;
			defaultConfigurationName = Release;
		};
		638F8D9E251E98810017D655 /* Build configuration list for PBXNativeTarget "基础部分" */ = {
			isa = XCConfigurationList;
			buildConfigurations = (
				638F8D9F251E98810017D655 /* Debug */,
				638F8DA0251E98810017D655 /* Release */,
			);
			defaultConfigurationIsVisible = 0;
			defaultConfigurationName = Release;
		};
/* End XCConfigurationList section */
	};
	rootObject = 638F8D74251E12300017D655 /* Project object */;
}
